
Microsoft Visual Studio Solution File, Format Version 12.00
# Visual Studio Version 16
Project("{2150E333-8FDC-42A3-9474-1A3956D46DE8}") = "CMakePredefinedTargets", "CMakePredefinedTargets", "{A303B06F-F0BD-3ACF-9851-1A4757EFD038}"
EndProject
Project("{2150E333-8FDC-42A3-9474-1A3956D46DE8}") = "GLFW3", "GLFW3", "{ABE1D086-D273-365F-A333-B7E7EAB1C89F}"
EndProject
Project("{2150E333-8FDC-42A3-9474-1A3956D46DE8}") = "Examples", "GLFW3\Examples", "{54FE0EC1-8D2E-38BF-B0CB-275BAD59E25E}"
EndProject
Project("{2150E333-8FDC-42A3-9474-1A3956D46DE8}") = "Tests", "GLFW3\Tests", "{42EEC934-97DD-3424-8388-46EE396CA939}"
EndProject
Project("{8BC9CEB8-8B4A-11D0-8D11-00A0C91BC942}") = "ALL_BUILD", "ALL_BUILD.vcxproj", "{9FF4E8B5-3211-3AEF-9F84-890EA5AF11A5}"
	ProjectSection(ProjectDependencies) = postProject
		{02559A4A-975D-3EAA-A275-D743612FB48B} = {02559A4A-975D-3EAA-A275-D743612FB48B}
		{94CF416C-EFEF-3D24-A51B-471A1BBE681B} = {94CF416C-EFEF-3D24-A51B-471A1BBE681B}
		{93E0D0D7-183E-376D-B157-B912BED1DCEF} = {93E0D0D7-183E-376D-B157-B912BED1DCEF}
		{B62C5CC0-D348-31AB-AA2F-25241F588AFC} = {B62C5CC0-D348-31AB-AA2F-25241F588AFC}
		{96CA8139-10B3-3678-A153-9053876AB023} = {96CA8139-10B3-3678-A153-9053876AB023}
		{A298B7C1-3C17-381A-B54B-335FADDC08D4} = {A298B7C1-3C17-381A-B54B-335FADDC08D4}
		{96D960BE-7796-3002-B71D-DDFA1F3BB9E0} = {96D960BE-7796-3002-B71D-DDFA1F3BB9E0}
		{DA22D651-A134-30B8-B7EA-9845A9B58E1C} = {DA22D651-A134-30B8-B7EA-9845A9B58E1C}
		{DCD05ADA-19C2-3721-88DC-1E00A67541EA} = {DCD05ADA-19C2-3721-88DC-1E00A67541EA}
		{D9587EE2-E9F9-30A2-AD28-8BDF67845384} = {D9587EE2-E9F9-30A2-AD28-8BDF67845384}
		{F8AF7038-3557-33D4-87FD-A1B46AB0AD3C} = {F8AF7038-3557-33D4-87FD-A1B46AB0AD3C}
		{AF5DD617-6F88-320A-B1E9-473782B17530} = {AF5DD617-6F88-320A-B1E9-473782B17530}
		{2BBB3308-FF0C-3983-99EC-42E1D0A8BB75} = {2BBB3308-FF0C-3983-99EC-42E1D0A8BB75}
		{981FEC4C-EC03-394B-9C32-EF284169A979} = {981FEC4C-EC03-394B-9C32-EF284169A979}
		{CADD775A-BEE7-39AD-ADCA-452F8D20D05B} = {CADD775A-BEE7-39AD-ADCA-452F8D20D05B}
		{21B3B931-94C7-3274-B34E-FC57655344CD} = {21B3B931-94C7-3274-B34E-FC57655344CD}
		{244DE688-6271-31BC-81C0-3803317101DE} = {244DE688-6271-31BC-81C0-3803317101DE}
		{D8E4AABF-A3D1-3ED3-9183-3D6E292D4811} = {D8E4AABF-A3D1-3ED3-9183-3D6E292D4811}
		{766D682E-1C88-3548-83BA-98FB09339516} = {766D682E-1C88-3548-83BA-98FB09339516}
		{7743FBEB-E059-334E-A7DD-4D5B57586D8D} = {7743FBEB-E059-334E-A7DD-4D5B57586D8D}
		{B68E0C1B-C61B-3A97-9B4E-75384E3B7673} = {B68E0C1B-C61B-3A97-9B4E-75384E3B7673}
		{6091FD48-BFB7-30E1-86AE-D6833D973433} = {6091FD48-BFB7-30E1-86AE-D6833D973433}
		{7084EF7D-90C4-31DF-ABCD-486BD51F6B4A} = {7084EF7D-90C4-31DF-ABCD-486BD51F6B4A}
		{9FE0C716-2BB5-3FDD-B85B-6778751E9CFF} = {9FE0C716-2BB5-3FDD-B85B-6778751E9CFF}
		{C350219D-8FCD-3F59-BFE3-3B8B5E6AB4F0} = {C350219D-8FCD-3F59-BFE3-3B8B5E6AB4F0}
		{EDA1E3E1-6C9F-3726-8EA7-41B8E5CB528F} = {EDA1E3E1-6C9F-3726-8EA7-41B8E5CB528F}
		{86855B87-41BC-3EF3-B7E9-BED5261DB089} = {86855B87-41BC-3EF3-B7E9-BED5261DB089}
		{93E3A93F-1A58-3374-AA6F-1C3670B3C82B} = {93E3A93F-1A58-3374-AA6F-1C3670B3C82B}
		{80F6BAD0-E8DE-39F3-8AB9-FAB0119C549C} = {80F6BAD0-E8DE-39F3-8AB9-FAB0119C549C}
		{26511798-7296-37DA-929D-995D2D3A7670} = {26511798-7296-37DA-929D-995D2D3A7670}
		{6D0120F2-D61A-343E-8EE8-9E5566700E6E} = {6D0120F2-D61A-343E-8EE8-9E5566700E6E}
		{6FD94BFC-E410-392E-8920-6562185132FA} = {6FD94BFC-E410-392E-8920-6562185132FA}
		{4362012E-04DD-3F9F-82F6-74F06ADA5984} = {4362012E-04DD-3F9F-82F6-74F06ADA5984}
		{3D5DD435-28C8-3D19-A21A-CA44FE0B2DEF} = {3D5DD435-28C8-3D19-A21A-CA44FE0B2DEF}
		{9F81EC4D-CA14-39DF-AA6A-6FD7E181C67A} = {9F81EC4D-CA14-39DF-AA6A-6FD7E181C67A}
		{ADE9ECC8-2FF9-3995-BE7B-FC14930085A5} = {ADE9ECC8-2FF9-3995-BE7B-FC14930085A5}
		{CE6076D5-5680-3811-9C64-64A3A96E13BB} = {CE6076D5-5680-3811-9C64-64A3A96E13BB}
		{22FD19F9-281F-30F4-85F8-3E6B3E284554} = {22FD19F9-281F-30F4-85F8-3E6B3E284554}
		{9D4D1D7A-FCB3-3A1F-8229-B4DC962DA4E0} = {9D4D1D7A-FCB3-3A1F-8229-B4DC962DA4E0}
		{519D1430-36DF-3F50-9EFE-7352B5A7073E} = {519D1430-36DF-3F50-9EFE-7352B5A7073E}
		{53BCB22F-9156-3746-8723-0CCF607AF2DA} = {53BCB22F-9156-3746-8723-0CCF607AF2DA}
		{DFEC81AC-A9B4-3001-BDA3-EE6692C51988} = {DFEC81AC-A9B4-3001-BDA3-EE6692C51988}
		{4F3D52CB-71DC-3D04-9D41-3F5499815613} = {4F3D52CB-71DC-3D04-9D41-3F5499815613}
		{7AFA8970-5D22-379D-B62E-C4D2551C572F} = {7AFA8970-5D22-379D-B62E-C4D2551C572F}
		{1584E941-5167-3533-968D-4C0E5EF299D1} = {1584E941-5167-3533-968D-4C0E5EF299D1}
		{4C11EF69-B7A0-34E3-9CD5-6DAE03B0258B} = {4C11EF69-B7A0-34E3-9CD5-6DAE03B0258B}
		{308B2CD3-F498-392B-98E9-6A37B11F7C6A} = {308B2CD3-F498-392B-98E9-6A37B11F7C6A}
		{65C91133-4336-39B1-B5B3-F72B91929BB7} = {65C91133-4336-39B1-B5B3-F72B91929BB7}
		{4022E208-9265-3920-8977-7FCE4A92F550} = {4022E208-9265-3920-8977-7FCE4A92F550}
		{969FEC7E-E36D-3338-BFE8-FB3FD5B28E95} = {969FEC7E-E36D-3338-BFE8-FB3FD5B28E95}
		{D0755AAA-E069-3185-AFCB-2B98A74BEC2F} = {D0755AAA-E069-3185-AFCB-2B98A74BEC2F}
		{22C53C25-9AF3-36E6-BC7F-C0C1B23A9D09} = {22C53C25-9AF3-36E6-BC7F-C0C1B23A9D09}
		{F12FAF5C-38CF-357E-A8CB-5FB665974D9E} = {F12FAF5C-38CF-357E-A8CB-5FB665974D9E}
		{7188DFF8-D5A6-3EE6-A1C9-545A236F0652} = {7188DFF8-D5A6-3EE6-A1C9-545A236F0652}
		{E4EA2B76-65E6-3489-A15B-6309B12B03E6} = {E4EA2B76-65E6-3489-A15B-6309B12B03E6}
		{08FBD8B5-51CD-3C8C-820C-DDF9AA9ED369} = {08FBD8B5-51CD-3C8C-820C-DDF9AA9ED369}
		{062DC411-6526-37A8-A0C1-FFA73203C1B0} = {062DC411-6526-37A8-A0C1-FFA73203C1B0}
		{5868EC4A-BD5D-33A6-9851-04F2D2F9322B} = {5868EC4A-BD5D-33A6-9851-04F2D2F9322B}
		{1B4893AA-A1F9-3AE8-90D7-4D7F24342EBC} = {1B4893AA-A1F9-3AE8-90D7-4D7F24342EBC}
	EndProjectSection
EndProject
Project("{8BC9CEB8-8B4A-11D0-8D11-00A0C91BC942}") = "ANTTWEAKBAR_116_OGLCORE_GLFW", "external\ANTTWEAKBAR_116_OGLCORE_GLFW.vcxproj", "{02559A4A-975D-3EAA-A275-D743612FB48B}"
	ProjectSection(ProjectDependencies) = postProject
		{96D960BE-7796-3002-B71D-DDFA1F3BB9E0} = {96D960BE-7796-3002-B71D-DDFA1F3BB9E0}
	EndProjectSection
EndProject
Project("{8BC9CEB8-8B4A-11D0-8D11-00A0C91BC942}") = "BulletCollision", "external\bullet-2.81-rev2613\src\BulletCollision\BulletCollision.vcxproj", "{94CF416C-EFEF-3D24-A51B-471A1BBE681B}"
	ProjectSection(ProjectDependencies) = postProject
		{96D960BE-7796-3002-B71D-DDFA1F3BB9E0} = {96D960BE-7796-3002-B71D-DDFA1F3BB9E0}
	EndProjectSection
EndProject
Project("{8BC9CEB8-8B4A-11D0-8D11-00A0C91BC942}") = "BulletDynamics", "external\bullet-2.81-rev2613\src\BulletDynamics\BulletDynamics.vcxproj", "{93E0D0D7-183E-376D-B157-B912BED1DCEF}"
	ProjectSection(ProjectDependencies) = postProject
		{96D960BE-7796-3002-B71D-DDFA1F3BB9E0} = {96D960BE-7796-3002-B71D-DDFA1F3BB9E0}
	EndProjectSection
EndProject
Project("{8BC9CEB8-8B4A-11D0-8D11-00A0C91BC942}") = "BulletSoftBody", "external\bullet-2.81-rev2613\src\BulletSoftBody\BulletSoftBody.vcxproj", "{B62C5CC0-D348-31AB-AA2F-25241F588AFC}"
	ProjectSection(ProjectDependencies) = postProject
		{96D960BE-7796-3002-B71D-DDFA1F3BB9E0} = {96D960BE-7796-3002-B71D-DDFA1F3BB9E0}
	EndProjectSection
EndProject
Project("{8BC9CEB8-8B4A-11D0-8D11-00A0C91BC942}") = "GLEW_1130", "external\GLEW_1130.vcxproj", "{96CA8139-10B3-3678-A153-9053876AB023}"
	ProjectSection(ProjectDependencies) = postProject
		{96D960BE-7796-3002-B71D-DDFA1F3BB9E0} = {96D960BE-7796-3002-B71D-DDFA1F3BB9E0}
	EndProjectSection
EndProject
Project("{8BC9CEB8-8B4A-11D0-8D11-00A0C91BC942}") = "INSTALL", "INSTALL.vcxproj", "{B00CD0D2-4683-3D88-A938-5ED139E2A61F}"
	ProjectSection(ProjectDependencies) = postProject
		{9FF4E8B5-3211-3AEF-9F84-890EA5AF11A5} = {9FF4E8B5-3211-3AEF-9F84-890EA5AF11A5}
		{96D960BE-7796-3002-B71D-DDFA1F3BB9E0} = {96D960BE-7796-3002-B71D-DDFA1F3BB9E0}
	EndProjectSection
EndProject
Project("{8BC9CEB8-8B4A-11D0-8D11-00A0C91BC942}") = "LinearMath", "external\bullet-2.81-rev2613\src\LinearMath\LinearMath.vcxproj", "{A298B7C1-3C17-381A-B54B-335FADDC08D4}"
	ProjectSection(ProjectDependencies) = postProject
		{96D960BE-7796-3002-B71D-DDFA1F3BB9E0} = {96D960BE-7796-3002-B71D-DDFA1F3BB9E0}
	EndProjectSection
EndProject
Project("{8BC9CEB8-8B4A-11D0-8D11-00A0C91BC942}") = "ZERO_CHECK", "ZERO_CHECK.vcxproj", "{96D960BE-7796-3002-B71D-DDFA1F3BB9E0}"
	ProjectSection(ProjectDependencies) = postProject
	EndProjectSection
EndProject
Project("{8BC9CEB8-8B4A-11D0-8D11-00A0C91BC942}") = "assimp", "external\assimp-3.0.1270\code\assimp.vcxproj", "{DA22D651-A134-30B8-B7EA-9845A9B58E1C}"
	ProjectSection(ProjectDependencies) = postProject
		{96D960BE-7796-3002-B71D-DDFA1F3BB9E0} = {96D960BE-7796-3002-B71D-DDFA1F3BB9E0}
		{1B4893AA-A1F9-3AE8-90D7-4D7F24342EBC} = {1B4893AA-A1F9-3AE8-90D7-4D7F24342EBC}
	EndProjectSection
EndProject
Project("{8BC9CEB8-8B4A-11D0-8D11-00A0C91BC942}") = "boing", "external\glfw-3.1.2\examples\boing.vcxproj", "{DCD05ADA-19C2-3721-88DC-1E00A67541EA}"
	ProjectSection(ProjectDependencies) = postProject
		{96D960BE-7796-3002-B71D-DDFA1F3BB9E0} = {96D960BE-7796-3002-B71D-DDFA1F3BB9E0}
		{21B3B931-94C7-3274-B34E-FC57655344CD} = {21B3B931-94C7-3274-B34E-FC57655344CD}
	EndProjectSection
EndProject
Project("{8BC9CEB8-8B4A-11D0-8D11-00A0C91BC942}") = "clipboard", "external\glfw-3.1.2\tests\clipboard.vcxproj", "{D9587EE2-E9F9-30A2-AD28-8BDF67845384}"
	ProjectSection(ProjectDependencies) = postProject
		{96D960BE-7796-3002-B71D-DDFA1F3BB9E0} = {96D960BE-7796-3002-B71D-DDFA1F3BB9E0}
		{21B3B931-94C7-3274-B34E-FC57655344CD} = {21B3B931-94C7-3274-B34E-FC57655344CD}
	EndProjectSection
EndProject
Project("{8BC9CEB8-8B4A-11D0-8D11-00A0C91BC942}") = "cursor", "external\glfw-3.1.2\tests\cursor.vcxproj", "{F8AF7038-3557-33D4-87FD-A1B46AB0AD3C}"
	ProjectSection(ProjectDependencies) = postProject
		{96D960BE-7796-3002-B71D-DDFA1F3BB9E0} = {96D960BE-7796-3002-B71D-DDFA1F3BB9E0}
		{21B3B931-94C7-3274-B34E-FC57655344CD} = {21B3B931-94C7-3274-B34E-FC57655344CD}
	EndProjectSection
EndProject
Project("{8BC9CEB8-8B4A-11D0-8D11-00A0C91BC942}") = "empty", "external\glfw-3.1.2\tests\empty.vcxproj", "{AF5DD617-6F88-320A-B1E9-473782B17530}"
	ProjectSection(ProjectDependencies) = postProject
		{96D960BE-7796-3002-B71D-DDFA1F3BB9E0} = {96D960BE-7796-3002-B71D-DDFA1F3BB9E0}
		{21B3B931-94C7-3274-B34E-FC57655344CD} = {21B3B931-94C7-3274-B34E-FC57655344CD}
	EndProjectSection
EndProject
Project("{8BC9CEB8-8B4A-11D0-8D11-00A0C91BC942}") = "events", "external\glfw-3.1.2\tests\events.vcxproj", "{2BBB3308-FF0C-3983-99EC-42E1D0A8BB75}"
	ProjectSection(ProjectDependencies) = postProject
		{96D960BE-7796-3002-B71D-DDFA1F3BB9E0} = {96D960BE-7796-3002-B71D-DDFA1F3BB9E0}
		{21B3B931-94C7-3274-B34E-FC57655344CD} = {21B3B931-94C7-3274-B34E-FC57655344CD}
	EndProjectSection
EndProject
Project("{8BC9CEB8-8B4A-11D0-8D11-00A0C91BC942}") = "gamma", "external\glfw-3.1.2\tests\gamma.vcxproj", "{981FEC4C-EC03-394B-9C32-EF284169A979}"
	ProjectSection(ProjectDependencies) = postProject
		{96D960BE-7796-3002-B71D-DDFA1F3BB9E0} = {96D960BE-7796-3002-B71D-DDFA1F3BB9E0}
		{21B3B931-94C7-3274-B34E-FC57655344CD} = {21B3B931-94C7-3274-B34E-FC57655344CD}
	EndProjectSection
EndProject
Project("{8BC9CEB8-8B4A-11D0-8D11-00A0C91BC942}") = "gears", "external\glfw-3.1.2\examples\gears.vcxproj", "{CADD775A-BEE7-39AD-ADCA-452F8D20D05B}"
	ProjectSection(ProjectDependencies) = postProject
		{96D960BE-7796-3002-B71D-DDFA1F3BB9E0} = {96D960BE-7796-3002-B71D-DDFA1F3BB9E0}
		{21B3B931-94C7-3274-B34E-FC57655344CD} = {21B3B931-94C7-3274-B34E-FC57655344CD}
	EndProjectSection
EndProject
Project("{8BC9CEB8-8B4A-11D0-8D11-00A0C91BC942}") = "glfw", "external\glfw-3.1.2\src\glfw.vcxproj", "{21B3B931-94C7-3274-B34E-FC57655344CD}"
	ProjectSection(ProjectDependencies) = postProject
		{96D960BE-7796-3002-B71D-DDFA1F3BB9E0} = {96D960BE-7796-3002-B71D-DDFA1F3BB9E0}
	EndProjectSection
EndProject
Project("{8BC9CEB8-8B4A-11D0-8D11-00A0C91BC942}") = "glfwinfo", "external\glfw-3.1.2\tests\glfwinfo.vcxproj", "{244DE688-6271-31BC-81C0-3803317101DE}"
	ProjectSection(ProjectDependencies) = postProject
		{96D960BE-7796-3002-B71D-DDFA1F3BB9E0} = {96D960BE-7796-3002-B71D-DDFA1F3BB9E0}
		{21B3B931-94C7-3274-B34E-FC57655344CD} = {21B3B931-94C7-3274-B34E-FC57655344CD}
	EndProjectSection
EndProject
Project("{8BC9CEB8-8B4A-11D0-8D11-00A0C91BC942}") = "heightmap", "external\glfw-3.1.2\examples\heightmap.vcxproj", "{D8E4AABF-A3D1-3ED3-9183-3D6E292D4811}"
	ProjectSection(ProjectDependencies) = postProject
		{96D960BE-7796-3002-B71D-DDFA1F3BB9E0} = {96D960BE-7796-3002-B71D-DDFA1F3BB9E0}
		{21B3B931-94C7-3274-B34E-FC57655344CD} = {21B3B931-94C7-3274-B34E-FC57655344CD}
	EndProjectSection
EndProject
Project("{8BC9CEB8-8B4A-11D0-8D11-00A0C91BC942}") = "iconify", "external\glfw-3.1.2\tests\iconify.vcxproj", "{766D682E-1C88-3548-83BA-98FB09339516}"
	ProjectSection(ProjectDependencies) = postProject
		{96D960BE-7796-3002-B71D-DDFA1F3BB9E0} = {96D960BE-7796-3002-B71D-DDFA1F3BB9E0}
		{21B3B931-94C7-3274-B34E-FC57655344CD} = {21B3B931-94C7-3274-B34E-FC57655344CD}
	EndProjectSection
EndProject
Project("{8BC9CEB8-8B4A-11D0-8D11-00A0C91BC942}") = "joysticks", "external\glfw-3.1.2\tests\joysticks.vcxproj", "{7743FBEB-E059-334E-A7DD-4D5B57586D8D}"
	ProjectSection(ProjectDependencies) = postProject
		{96D960BE-7796-3002-B71D-DDFA1F3BB9E0} = {96D960BE-7796-3002-B71D-DDFA1F3BB9E0}
		{21B3B931-94C7-3274-B34E-FC57655344CD} = {21B3B931-94C7-3274-B34E-FC57655344CD}
	EndProjectSection
EndProject
Project("{8BC9CEB8-8B4A-11D0-8D11-00A0C91BC942}") = "misc05_picking_BulletPhysics", "misc05_picking_BulletPhysics.vcxproj", "{B68E0C1B-C61B-3A97-9B4E-75384E3B7673}"
	ProjectSection(ProjectDependencies) = postProject
		{02559A4A-975D-3EAA-A275-D743612FB48B} = {02559A4A-975D-3EAA-A275-D743612FB48B}
		{94CF416C-EFEF-3D24-A51B-471A1BBE681B} = {94CF416C-EFEF-3D24-A51B-471A1BBE681B}
		{93E0D0D7-183E-376D-B157-B912BED1DCEF} = {93E0D0D7-183E-376D-B157-B912BED1DCEF}
		{96CA8139-10B3-3678-A153-9053876AB023} = {96CA8139-10B3-3678-A153-9053876AB023}
		{A298B7C1-3C17-381A-B54B-335FADDC08D4} = {A298B7C1-3C17-381A-B54B-335FADDC08D4}
		{96D960BE-7796-3002-B71D-DDFA1F3BB9E0} = {96D960BE-7796-3002-B71D-DDFA1F3BB9E0}
		{21B3B931-94C7-3274-B34E-FC57655344CD} = {21B3B931-94C7-3274-B34E-FC57655344CD}
	EndProjectSection
EndProject
Project("{8BC9CEB8-8B4A-11D0-8D11-00A0C91BC942}") = "misc05_picking_custom", "misc05_picking_custom.vcxproj", "{6091FD48-BFB7-30E1-86AE-D6833D973433}"
	ProjectSection(ProjectDependencies) = postProject
		{02559A4A-975D-3EAA-A275-D743612FB48B} = {02559A4A-975D-3EAA-A275-D743612FB48B}
		{96CA8139-10B3-3678-A153-9053876AB023} = {96CA8139-10B3-3678-A153-9053876AB023}
		{96D960BE-7796-3002-B71D-DDFA1F3BB9E0} = {96D960BE-7796-3002-B71D-DDFA1F3BB9E0}
		{21B3B931-94C7-3274-B34E-FC57655344CD} = {21B3B931-94C7-3274-B34E-FC57655344CD}
	EndProjectSection
EndProject
Project("{8BC9CEB8-8B4A-11D0-8D11-00A0C91BC942}") = "misc05_picking_slow_easy", "misc05_picking_slow_easy.vcxproj", "{7084EF7D-90C4-31DF-ABCD-486BD51F6B4A}"
	ProjectSection(ProjectDependencies) = postProject
		{02559A4A-975D-3EAA-A275-D743612FB48B} = {02559A4A-975D-3EAA-A275-D743612FB48B}
		{96CA8139-10B3-3678-A153-9053876AB023} = {96CA8139-10B3-3678-A153-9053876AB023}
		{96D960BE-7796-3002-B71D-DDFA1F3BB9E0} = {96D960BE-7796-3002-B71D-DDFA1F3BB9E0}
		{21B3B931-94C7-3274-B34E-FC57655344CD} = {21B3B931-94C7-3274-B34E-FC57655344CD}
	EndProjectSection
EndProject
Project("{8BC9CEB8-8B4A-11D0-8D11-00A0C91BC942}") = "monitors", "external\glfw-3.1.2\tests\monitors.vcxproj", "{9FE0C716-2BB5-3FDD-B85B-6778751E9CFF}"
	ProjectSection(ProjectDependencies) = postProject
		{96D960BE-7796-3002-B71D-DDFA1F3BB9E0} = {96D960BE-7796-3002-B71D-DDFA1F3BB9E0}
		{21B3B931-94C7-3274-B34E-FC57655344CD} = {21B3B931-94C7-3274-B34E-FC57655344CD}
	EndProjectSection
EndProject
Project("{8BC9CEB8-8B4A-11D0-8D11-00A0C91BC942}") = "msaa", "external\glfw-3.1.2\tests\msaa.vcxproj", "{C350219D-8FCD-3F59-BFE3-3B8B5E6AB4F0}"
	ProjectSection(ProjectDependencies) = postProject
		{96D960BE-7796-3002-B71D-DDFA1F3BB9E0} = {96D960BE-7796-3002-B71D-DDFA1F3BB9E0}
		{21B3B931-94C7-3274-B34E-FC57655344CD} = {21B3B931-94C7-3274-B34E-FC57655344CD}
	EndProjectSection
EndProject
Project("{8BC9CEB8-8B4A-11D0-8D11-00A0C91BC942}") = "particles", "external\glfw-3.1.2\examples\particles.vcxproj", "{EDA1E3E1-6C9F-3726-8EA7-41B8E5CB528F}"
	ProjectSection(ProjectDependencies) = postProject
		{96D960BE-7796-3002-B71D-DDFA1F3BB9E0} = {96D960BE-7796-3002-B71D-DDFA1F3BB9E0}
		{21B3B931-94C7-3274-B34E-FC57655344CD} = {21B3B931-94C7-3274-B34E-FC57655344CD}
	EndProjectSection
EndProject
Project("{8BC9CEB8-8B4A-11D0-8D11-00A0C91BC942}") = "playground", "playground.vcxproj", "{86855B87-41BC-3EF3-B7E9-BED5261DB089}"
	ProjectSection(ProjectDependencies) = postProject
		{96CA8139-10B3-3678-A153-9053876AB023} = {96CA8139-10B3-3678-A153-9053876AB023}
		{96D960BE-7796-3002-B71D-DDFA1F3BB9E0} = {96D960BE-7796-3002-B71D-DDFA1F3BB9E0}
		{21B3B931-94C7-3274-B34E-FC57655344CD} = {21B3B931-94C7-3274-B34E-FC57655344CD}
	EndProjectSection
EndProject
Project("{8BC9CEB8-8B4A-11D0-8D11-00A0C91BC942}") = "reopen", "external\glfw-3.1.2\tests\reopen.vcxproj", "{93E3A93F-1A58-3374-AA6F-1C3670B3C82B}"
	ProjectSection(ProjectDependencies) = postProject
		{96D960BE-7796-3002-B71D-DDFA1F3BB9E0} = {96D960BE-7796-3002-B71D-DDFA1F3BB9E0}
		{21B3B931-94C7-3274-B34E-FC57655344CD} = {21B3B931-94C7-3274-B34E-FC57655344CD}
	EndProjectSection
EndProject
Project("{8BC9CEB8-8B4A-11D0-8D11-00A0C91BC942}") = "sharing", "external\glfw-3.1.2\tests\sharing.vcxproj", "{80F6BAD0-E8DE-39F3-8AB9-FAB0119C549C}"
	ProjectSection(ProjectDependencies) = postProject
		{96D960BE-7796-3002-B71D-DDFA1F3BB9E0} = {96D960BE-7796-3002-B71D-DDFA1F3BB9E0}
		{21B3B931-94C7-3274-B34E-FC57655344CD} = {21B3B931-94C7-3274-B34E-FC57655344CD}
	EndProjectSection
EndProject
Project("{8BC9CEB8-8B4A-11D0-8D11-00A0C91BC942}") = "simple", "external\glfw-3.1.2\examples\simple.vcxproj", "{26511798-7296-37DA-929D-995D2D3A7670}"
	ProjectSection(ProjectDependencies) = postProject
		{96D960BE-7796-3002-B71D-DDFA1F3BB9E0} = {96D960BE-7796-3002-B71D-DDFA1F3BB9E0}
		{21B3B931-94C7-3274-B34E-FC57655344CD} = {21B3B931-94C7-3274-B34E-FC57655344CD}
	EndProjectSection
EndProject
Project("{8BC9CEB8-8B4A-11D0-8D11-00A0C91BC942}") = "splitview", "external\glfw-3.1.2\examples\splitview.vcxproj", "{6D0120F2-D61A-343E-8EE8-9E5566700E6E}"
	ProjectSection(ProjectDependencies) = postProject
		{96D960BE-7796-3002-B71D-DDFA1F3BB9E0} = {96D960BE-7796-3002-B71D-DDFA1F3BB9E0}
		{21B3B931-94C7-3274-B34E-FC57655344CD} = {21B3B931-94C7-3274-B34E-FC57655344CD}
	EndProjectSection
EndProject
Project("{8BC9CEB8-8B4A-11D0-8D11-00A0C91BC942}") = "tearing", "external\glfw-3.1.2\tests\tearing.vcxproj", "{6FD94BFC-E410-392E-8920-6562185132FA}"
	ProjectSection(ProjectDependencies) = postProject
		{96D960BE-7796-3002-B71D-DDFA1F3BB9E0} = {96D960BE-7796-3002-B71D-DDFA1F3BB9E0}
		{21B3B931-94C7-3274-B34E-FC57655344CD} = {21B3B931-94C7-3274-B34E-FC57655344CD}
	EndProjectSection
EndProject
Project("{8BC9CEB8-8B4A-11D0-8D11-00A0C91BC942}") = "threads", "external\glfw-3.1.2\tests\threads.vcxproj", "{4362012E-04DD-3F9F-82F6-74F06ADA5984}"
	ProjectSection(ProjectDependencies) = postProject
		{96D960BE-7796-3002-B71D-DDFA1F3BB9E0} = {96D960BE-7796-3002-B71D-DDFA1F3BB9E0}
		{21B3B931-94C7-3274-B34E-FC57655344CD} = {21B3B931-94C7-3274-B34E-FC57655344CD}
	EndProjectSection
EndProject
Project("{8BC9CEB8-8B4A-11D0-8D11-00A0C91BC942}") = "title", "external\glfw-3.1.2\tests\title.vcxproj", "{3D5DD435-28C8-3D19-A21A-CA44FE0B2DEF}"
	ProjectSection(ProjectDependencies) = postProject
		{96D960BE-7796-3002-B71D-DDFA1F3BB9E0} = {96D960BE-7796-3002-B71D-DDFA1F3BB9E0}
		{21B3B931-94C7-3274-B34E-FC57655344CD} = {21B3B931-94C7-3274-B34E-FC57655344CD}
	EndProjectSection
EndProject
Project("{8BC9CEB8-8B4A-11D0-8D11-00A0C91BC942}") = "tutorial01_first_window", "tutorial01_first_window.vcxproj", "{9F81EC4D-CA14-39DF-AA6A-6FD7E181C67A}"
	ProjectSection(ProjectDependencies) = postProject
		{96CA8139-10B3-3678-A153-9053876AB023} = {96CA8139-10B3-3678-A153-9053876AB023}
		{96D960BE-7796-3002-B71D-DDFA1F3BB9E0} = {96D960BE-7796-3002-B71D-DDFA1F3BB9E0}
		{21B3B931-94C7-3274-B34E-FC57655344CD} = {21B3B931-94C7-3274-B34E-FC57655344CD}
	EndProjectSection
EndProject
Project("{8BC9CEB8-8B4A-11D0-8D11-00A0C91BC942}") = "tutorial02_red_triangle", "tutorial02_red_triangle.vcxproj", "{ADE9ECC8-2FF9-3995-BE7B-FC14930085A5}"
	ProjectSection(ProjectDependencies) = postProject
		{96CA8139-10B3-3678-A153-9053876AB023} = {96CA8139-10B3-3678-A153-9053876AB023}
		{96D960BE-7796-3002-B71D-DDFA1F3BB9E0} = {96D960BE-7796-3002-B71D-DDFA1F3BB9E0}
		{21B3B931-94C7-3274-B34E-FC57655344CD} = {21B3B931-94C7-3274-B34E-FC57655344CD}
	EndProjectSection
EndProject
Project("{8BC9CEB8-8B4A-11D0-8D11-00A0C91BC942}") = "tutorial03_matrices", "tutorial03_matrices.vcxproj", "{CE6076D5-5680-3811-9C64-64A3A96E13BB}"
	ProjectSection(ProjectDependencies) = postProject
		{96CA8139-10B3-3678-A153-9053876AB023} = {96CA8139-10B3-3678-A153-9053876AB023}
		{96D960BE-7796-3002-B71D-DDFA1F3BB9E0} = {96D960BE-7796-3002-B71D-DDFA1F3BB9E0}
		{21B3B931-94C7-3274-B34E-FC57655344CD} = {21B3B931-94C7-3274-B34E-FC57655344CD}
	EndProjectSection
EndProject
Project("{8BC9CEB8-8B4A-11D0-8D11-00A0C91BC942}") = "tutorial04_colored_cube", "tutorial04_colored_cube.vcxproj", "{22FD19F9-281F-30F4-85F8-3E6B3E284554}"
	ProjectSection(ProjectDependencies) = postProject
		{96CA8139-10B3-3678-A153-9053876AB023} = {96CA8139-10B3-3678-A153-9053876AB023}
		{96D960BE-7796-3002-B71D-DDFA1F3BB9E0} = {96D960BE-7796-3002-B71D-DDFA1F3BB9E0}
		{21B3B931-94C7-3274-B34E-FC57655344CD} = {21B3B931-94C7-3274-B34E-FC57655344CD}
	EndProjectSection
EndProject
Project("{8BC9CEB8-8B4A-11D0-8D11-00A0C91BC942}") = "tutorial05_textured_cube", "tutorial05_textured_cube.vcxproj", "{9D4D1D7A-FCB3-3A1F-8229-B4DC962DA4E0}"
	ProjectSection(ProjectDependencies) = postProject
		{96CA8139-10B3-3678-A153-9053876AB023} = {96CA8139-10B3-3678-A153-9053876AB023}
		{96D960BE-7796-3002-B71D-DDFA1F3BB9E0} = {96D960BE-7796-3002-B71D-DDFA1F3BB9E0}
		{21B3B931-94C7-3274-B34E-FC57655344CD} = {21B3B931-94C7-3274-B34E-FC57655344CD}
	EndProjectSection
EndProject
Project("{8BC9CEB8-8B4A-11D0-8D11-00A0C91BC942}") = "tutorial06_keyboard_and_mouse", "tutorial06_keyboard_and_mouse.vcxproj", "{519D1430-36DF-3F50-9EFE-7352B5A7073E}"
	ProjectSection(ProjectDependencies) = postProject
		{96CA8139-10B3-3678-A153-9053876AB023} = {96CA8139-10B3-3678-A153-9053876AB023}
		{96D960BE-7796-3002-B71D-DDFA1F3BB9E0} = {96D960BE-7796-3002-B71D-DDFA1F3BB9E0}
		{21B3B931-94C7-3274-B34E-FC57655344CD} = {21B3B931-94C7-3274-B34E-FC57655344CD}
	EndProjectSection
EndProject
Project("{8BC9CEB8-8B4A-11D0-8D11-00A0C91BC942}") = "tutorial07_model_loading", "tutorial07_model_loading.vcxproj", "{53BCB22F-9156-3746-8723-0CCF607AF2DA}"
	ProjectSection(ProjectDependencies) = postProject
		{96CA8139-10B3-3678-A153-9053876AB023} = {96CA8139-10B3-3678-A153-9053876AB023}
		{96D960BE-7796-3002-B71D-DDFA1F3BB9E0} = {96D960BE-7796-3002-B71D-DDFA1F3BB9E0}
		{21B3B931-94C7-3274-B34E-FC57655344CD} = {21B3B931-94C7-3274-B34E-FC57655344CD}
	EndProjectSection
EndProject
Project("{8BC9CEB8-8B4A-11D0-8D11-00A0C91BC942}") = "tutorial08_basic_shading", "tutorial08_basic_shading.vcxproj", "{DFEC81AC-A9B4-3001-BDA3-EE6692C51988}"
	ProjectSection(ProjectDependencies) = postProject
		{96CA8139-10B3-3678-A153-9053876AB023} = {96CA8139-10B3-3678-A153-9053876AB023}
		{96D960BE-7796-3002-B71D-DDFA1F3BB9E0} = {96D960BE-7796-3002-B71D-DDFA1F3BB9E0}
		{21B3B931-94C7-3274-B34E-FC57655344CD} = {21B3B931-94C7-3274-B34E-FC57655344CD}
	EndProjectSection
EndProject
Project("{8BC9CEB8-8B4A-11D0-8D11-00A0C91BC942}") = "tutorial09_AssImp", "tutorial09_AssImp.vcxproj", "{4F3D52CB-71DC-3D04-9D41-3F5499815613}"
	ProjectSection(ProjectDependencies) = postProject
		{96CA8139-10B3-3678-A153-9053876AB023} = {96CA8139-10B3-3678-A153-9053876AB023}
		{96D960BE-7796-3002-B71D-DDFA1F3BB9E0} = {96D960BE-7796-3002-B71D-DDFA1F3BB9E0}
		{DA22D651-A134-30B8-B7EA-9845A9B58E1C} = {DA22D651-A134-30B8-B7EA-9845A9B58E1C}
		{21B3B931-94C7-3274-B34E-FC57655344CD} = {21B3B931-94C7-3274-B34E-FC57655344CD}
		{1B4893AA-A1F9-3AE8-90D7-4D7F24342EBC} = {1B4893AA-A1F9-3AE8-90D7-4D7F24342EBC}
	EndProjectSection
EndProject
Project("{8BC9CEB8-8B4A-11D0-8D11-00A0C91BC942}") = "tutorial09_several_objects", "tutorial09_several_objects.vcxproj", "{7AFA8970-5D22-379D-B62E-C4D2551C572F}"
	ProjectSection(ProjectDependencies) = postProject
		{96CA8139-10B3-3678-A153-9053876AB023} = {96CA8139-10B3-3678-A153-9053876AB023}
		{96D960BE-7796-3002-B71D-DDFA1F3BB9E0} = {96D960BE-7796-3002-B71D-DDFA1F3BB9E0}
		{21B3B931-94C7-3274-B34E-FC57655344CD} = {21B3B931-94C7-3274-B34E-FC57655344CD}
	EndProjectSection
EndProject
Project("{8BC9CEB8-8B4A-11D0-8D11-00A0C91BC942}") = "tutorial09_vbo_indexing", "tutorial09_vbo_indexing.vcxproj", "{1584E941-5167-3533-968D-4C0E5EF299D1}"
	ProjectSection(ProjectDependencies) = postProject
		{96CA8139-10B3-3678-A153-9053876AB023} = {96CA8139-10B3-3678-A153-9053876AB023}
		{96D960BE-7796-3002-B71D-DDFA1F3BB9E0} = {96D960BE-7796-3002-B71D-DDFA1F3BB9E0}
		{21B3B931-94C7-3274-B34E-FC57655344CD} = {21B3B931-94C7-3274-B34E-FC57655344CD}
	EndProjectSection
EndProject
Project("{8BC9CEB8-8B4A-11D0-8D11-00A0C91BC942}") = "tutorial10_transparency", "tutorial10_transparency.vcxproj", "{4C11EF69-B7A0-34E3-9CD5-6DAE03B0258B}"
	ProjectSection(ProjectDependencies) = postProject
		{96CA8139-10B3-3678-A153-9053876AB023} = {96CA8139-10B3-3678-A153-9053876AB023}
		{96D960BE-7796-3002-B71D-DDFA1F3BB9E0} = {96D960BE-7796-3002-B71D-DDFA1F3BB9E0}
		{21B3B931-94C7-3274-B34E-FC57655344CD} = {21B3B931-94C7-3274-B34E-FC57655344CD}
	EndProjectSection
EndProject
Project("{8BC9CEB8-8B4A-11D0-8D11-00A0C91BC942}") = "tutorial11_2d_fonts", "tutorial11_2d_fonts.vcxproj", "{308B2CD3-F498-392B-98E9-6A37B11F7C6A}"
	ProjectSection(ProjectDependencies) = postProject
		{96CA8139-10B3-3678-A153-9053876AB023} = {96CA8139-10B3-3678-A153-9053876AB023}
		{96D960BE-7796-3002-B71D-DDFA1F3BB9E0} = {96D960BE-7796-3002-B71D-DDFA1F3BB9E0}
		{21B3B931-94C7-3274-B34E-FC57655344CD} = {21B3B931-94C7-3274-B34E-FC57655344CD}
	EndProjectSection
EndProject
Project("{8BC9CEB8-8B4A-11D0-8D11-00A0C91BC942}") = "tutorial12_extensions", "tutorial12_extensions.vcxproj", "{65C91133-4336-39B1-B5B3-F72B91929BB7}"
	ProjectSection(ProjectDependencies) = postProject
		{96CA8139-10B3-3678-A153-9053876AB023} = {96CA8139-10B3-3678-A153-9053876AB023}
		{96D960BE-7796-3002-B71D-DDFA1F3BB9E0} = {96D960BE-7796-3002-B71D-DDFA1F3BB9E0}
		{21B3B931-94C7-3274-B34E-FC57655344CD} = {21B3B931-94C7-3274-B34E-FC57655344CD}
	EndProjectSection
EndProject
Project("{8BC9CEB8-8B4A-11D0-8D11-00A0C91BC942}") = "tutorial13_normal_mapping", "tutorial13_normal_mapping.vcxproj", "{4022E208-9265-3920-8977-7FCE4A92F550}"
	ProjectSection(ProjectDependencies) = postProject
		{96CA8139-10B3-3678-A153-9053876AB023} = {96CA8139-10B3-3678-A153-9053876AB023}
		{96D960BE-7796-3002-B71D-DDFA1F3BB9E0} = {96D960BE-7796-3002-B71D-DDFA1F3BB9E0}
		{21B3B931-94C7-3274-B34E-FC57655344CD} = {21B3B931-94C7-3274-B34E-FC57655344CD}
	EndProjectSection
EndProject
Project("{8BC9CEB8-8B4A-11D0-8D11-00A0C91BC942}") = "tutorial14_render_to_texture", "tutorial14_render_to_texture.vcxproj", "{969FEC7E-E36D-3338-BFE8-FB3FD5B28E95}"
	ProjectSection(ProjectDependencies) = postProject
		{96CA8139-10B3-3678-A153-9053876AB023} = {96CA8139-10B3-3678-A153-9053876AB023}
		{96D960BE-7796-3002-B71D-DDFA1F3BB9E0} = {96D960BE-7796-3002-B71D-DDFA1F3BB9E0}
		{21B3B931-94C7-3274-B34E-FC57655344CD} = {21B3B931-94C7-3274-B34E-FC57655344CD}
	EndProjectSection
EndProject
Project("{8BC9CEB8-8B4A-11D0-8D11-00A0C91BC942}") = "tutorial15_lightmaps", "tutorial15_lightmaps.vcxproj", "{D0755AAA-E069-3185-AFCB-2B98A74BEC2F}"
	ProjectSection(ProjectDependencies) = postProject
		{96CA8139-10B3-3678-A153-9053876AB023} = {96CA8139-10B3-3678-A153-9053876AB023}
		{96D960BE-7796-3002-B71D-DDFA1F3BB9E0} = {96D960BE-7796-3002-B71D-DDFA1F3BB9E0}
		{21B3B931-94C7-3274-B34E-FC57655344CD} = {21B3B931-94C7-3274-B34E-FC57655344CD}
	EndProjectSection
EndProject
Project("{8BC9CEB8-8B4A-11D0-8D11-00A0C91BC942}") = "tutorial16_shadowmaps", "tutorial16_shadowmaps.vcxproj", "{22C53C25-9AF3-36E6-BC7F-C0C1B23A9D09}"
	ProjectSection(ProjectDependencies) = postProject
		{96CA8139-10B3-3678-A153-9053876AB023} = {96CA8139-10B3-3678-A153-9053876AB023}
		{96D960BE-7796-3002-B71D-DDFA1F3BB9E0} = {96D960BE-7796-3002-B71D-DDFA1F3BB9E0}
		{21B3B931-94C7-3274-B34E-FC57655344CD} = {21B3B931-94C7-3274-B34E-FC57655344CD}
	EndProjectSection
EndProject
Project("{8BC9CEB8-8B4A-11D0-8D11-00A0C91BC942}") = "tutorial16_shadowmaps_simple", "tutorial16_shadowmaps_simple.vcxproj", "{F12FAF5C-38CF-357E-A8CB-5FB665974D9E}"
	ProjectSection(ProjectDependencies) = postProject
		{96CA8139-10B3-3678-A153-9053876AB023} = {96CA8139-10B3-3678-A153-9053876AB023}
		{96D960BE-7796-3002-B71D-DDFA1F3BB9E0} = {96D960BE-7796-3002-B71D-DDFA1F3BB9E0}
		{21B3B931-94C7-3274-B34E-FC57655344CD} = {21B3B931-94C7-3274-B34E-FC57655344CD}
	EndProjectSection
EndProject
Project("{8BC9CEB8-8B4A-11D0-8D11-00A0C91BC942}") = "tutorial17_rotations", "tutorial17_rotations.vcxproj", "{7188DFF8-D5A6-3EE6-A1C9-545A236F0652}"
	ProjectSection(ProjectDependencies) = postProject
		{02559A4A-975D-3EAA-A275-D743612FB48B} = {02559A4A-975D-3EAA-A275-D743612FB48B}
		{96CA8139-10B3-3678-A153-9053876AB023} = {96CA8139-10B3-3678-A153-9053876AB023}
		{96D960BE-7796-3002-B71D-DDFA1F3BB9E0} = {96D960BE-7796-3002-B71D-DDFA1F3BB9E0}
		{21B3B931-94C7-3274-B34E-FC57655344CD} = {21B3B931-94C7-3274-B34E-FC57655344CD}
	EndProjectSection
EndProject
Project("{8BC9CEB8-8B4A-11D0-8D11-00A0C91BC942}") = "tutorial18_billboards", "tutorial18_billboards.vcxproj", "{E4EA2B76-65E6-3489-A15B-6309B12B03E6}"
	ProjectSection(ProjectDependencies) = postProject
		{96CA8139-10B3-3678-A153-9053876AB023} = {96CA8139-10B3-3678-A153-9053876AB023}
		{96D960BE-7796-3002-B71D-DDFA1F3BB9E0} = {96D960BE-7796-3002-B71D-DDFA1F3BB9E0}
		{21B3B931-94C7-3274-B34E-FC57655344CD} = {21B3B931-94C7-3274-B34E-FC57655344CD}
	EndProjectSection
EndProject
Project("{8BC9CEB8-8B4A-11D0-8D11-00A0C91BC942}") = "tutorial18_particles", "tutorial18_particles.vcxproj", "{08FBD8B5-51CD-3C8C-820C-DDF9AA9ED369}"
	ProjectSection(ProjectDependencies) = postProject
		{96CA8139-10B3-3678-A153-9053876AB023} = {96CA8139-10B3-3678-A153-9053876AB023}
		{96D960BE-7796-3002-B71D-DDFA1F3BB9E0} = {96D960BE-7796-3002-B71D-DDFA1F3BB9E0}
		{21B3B931-94C7-3274-B34E-FC57655344CD} = {21B3B931-94C7-3274-B34E-FC57655344CD}
	EndProjectSection
EndProject
Project("{8BC9CEB8-8B4A-11D0-8D11-00A0C91BC942}") = "uninstall", "external\glfw-3.1.2\uninstall.vcxproj", "{44590621-0E43-3BD4-B0EA-B2CAC5D45E30}"
	ProjectSection(ProjectDependencies) = postProject
		{96D960BE-7796-3002-B71D-DDFA1F3BB9E0} = {96D960BE-7796-3002-B71D-DDFA1F3BB9E0}
	EndProjectSection
EndProject
Project("{8BC9CEB8-8B4A-11D0-8D11-00A0C91BC942}") = "wave", "external\glfw-3.1.2\examples\wave.vcxproj", "{062DC411-6526-37A8-A0C1-FFA73203C1B0}"
	ProjectSection(ProjectDependencies) = postProject
		{96D960BE-7796-3002-B71D-DDFA1F3BB9E0} = {96D960BE-7796-3002-B71D-DDFA1F3BB9E0}
		{21B3B931-94C7-3274-B34E-FC57655344CD} = {21B3B931-94C7-3274-B34E-FC57655344CD}
	EndProjectSection
EndProject
Project("{8BC9CEB8-8B4A-11D0-8D11-00A0C91BC942}") = "windows", "external\glfw-3.1.2\tests\windows.vcxproj", "{5868EC4A-BD5D-33A6-9851-04F2D2F9322B}"
	ProjectSection(ProjectDependencies) = postProject
		{96D960BE-7796-3002-B71D-DDFA1F3BB9E0} = {96D960BE-7796-3002-B71D-DDFA1F3BB9E0}
		{21B3B931-94C7-3274-B34E-FC57655344CD} = {21B3B931-94C7-3274-B34E-FC57655344CD}
	EndProjectSection
EndProject
Project("{8BC9CEB8-8B4A-11D0-8D11-00A0C91BC942}") = "zlib", "external\assimp-3.0.1270\contrib\zlib\zlib.vcxproj", "{1B4893AA-A1F9-3AE8-90D7-4D7F24342EBC}"
	ProjectSection(ProjectDependencies) = postProject
		{96D960BE-7796-3002-B71D-DDFA1F3BB9E0} = {96D960BE-7796-3002-B71D-DDFA1F3BB9E0}
	EndProjectSection
EndProject
Global
	GlobalSection(SolutionConfigurationPlatforms) = preSolution
		Debug|x64 = Debug|x64
		Release|x64 = Release|x64
		MinSizeRel|x64 = MinSizeRel|x64
		RelWithDebInfo|x64 = RelWithDebInfo|x64
	EndGlobalSection
	GlobalSection(ProjectConfigurationPlatforms) = postSolution
		{9FF4E8B5-3211-3AEF-9F84-890EA5AF11A5}.Debug|x64.ActiveCfg = Debug|x64
		{9FF4E8B5-3211-3AEF-9F84-890EA5AF11A5}.Debug|x64.Build.0 = Debug|x64
		{9FF4E8B5-3211-3AEF-9F84-890EA5AF11A5}.Release|x64.ActiveCfg = Release|x64
		{9FF4E8B5-3211-3AEF-9F84-890EA5AF11A5}.Release|x64.Build.0 = Release|x64
		{9FF4E8B5-3211-3AEF-9F84-890EA5AF11A5}.MinSizeRel|x64.ActiveCfg = MinSizeRel|x64
		{9FF4E8B5-3211-3AEF-9F84-890EA5AF11A5}.MinSizeRel|x64.Build.0 = MinSizeRel|x64
		{9FF4E8B5-3211-3AEF-9F84-890EA5AF11A5}.RelWithDebInfo|x64.ActiveCfg = RelWithDebInfo|x64
		{9FF4E8B5-3211-3AEF-9F84-890EA5AF11A5}.RelWithDebInfo|x64.Build.0 = RelWithDebInfo|x64
		{02559A4A-975D-3EAA-A275-D743612FB48B}.Debug|x64.ActiveCfg = Debug|x64
		{02559A4A-975D-3EAA-A275-D743612FB48B}.Debug|x64.Build.0 = Debug|x64
		{02559A4A-975D-3EAA-A275-D743612FB48B}.Release|x64.ActiveCfg = Release|x64
		{02559A4A-975D-3EAA-A275-D743612FB48B}.Release|x64.Build.0 = Release|x64
		{02559A4A-975D-3EAA-A275-D743612FB48B}.MinSizeRel|x64.ActiveCfg = MinSizeRel|x64
		{02559A4A-975D-3EAA-A275-D743612FB48B}.MinSizeRel|x64.Build.0 = MinSizeRel|x64
		{02559A4A-975D-3EAA-A275-D743612FB48B}.RelWithDebInfo|x64.ActiveCfg = RelWithDebInfo|x64
		{02559A4A-975D-3EAA-A275-D743612FB48B}.RelWithDebInfo|x64.Build.0 = RelWithDebInfo|x64
		{94CF416C-EFEF-3D24-A51B-471A1BBE681B}.Debug|x64.ActiveCfg = Debug|x64
		{94CF416C-EFEF-3D24-A51B-471A1BBE681B}.Debug|x64.Build.0 = Debug|x64
		{94CF416C-EFEF-3D24-A51B-471A1BBE681B}.Release|x64.ActiveCfg = Release|x64
		{94CF416C-EFEF-3D24-A51B-471A1BBE681B}.Release|x64.Build.0 = Release|x64
		{94CF416C-EFEF-3D24-A51B-471A1BBE681B}.MinSizeRel|x64.ActiveCfg = MinSizeRel|x64
		{94CF416C-EFEF-3D24-A51B-471A1BBE681B}.MinSizeRel|x64.Build.0 = MinSizeRel|x64
		{94CF416C-EFEF-3D24-A51B-471A1BBE681B}.RelWithDebInfo|x64.ActiveCfg = RelWithDebInfo|x64
		{94CF416C-EFEF-3D24-A51B-471A1BBE681B}.RelWithDebInfo|x64.Build.0 = RelWithDebInfo|x64
		{93E0D0D7-183E-376D-B157-B912BED1DCEF}.Debug|x64.ActiveCfg = Debug|x64
		{93E0D0D7-183E-376D-B157-B912BED1DCEF}.Debug|x64.Build.0 = Debug|x64
		{93E0D0D7-183E-376D-B157-B912BED1DCEF}.Release|x64.ActiveCfg = Release|x64
		{93E0D0D7-183E-376D-B157-B912BED1DCEF}.Release|x64.Build.0 = Release|x64
		{93E0D0D7-183E-376D-B157-B912BED1DCEF}.MinSizeRel|x64.ActiveCfg = MinSizeRel|x64
		{93E0D0D7-183E-376D-B157-B912BED1DCEF}.MinSizeRel|x64.Build.0 = MinSizeRel|x64
		{93E0D0D7-183E-376D-B157-B912BED1DCEF}.RelWithDebInfo|x64.ActiveCfg = RelWithDebInfo|x64
		{93E0D0D7-183E-376D-B157-B912BED1DCEF}.RelWithDebInfo|x64.Build.0 = RelWithDebInfo|x64
		{B62C5CC0-D348-31AB-AA2F-25241F588AFC}.Debug|x64.ActiveCfg = Debug|x64
		{B62C5CC0-D348-31AB-AA2F-25241F588AFC}.Debug|x64.Build.0 = Debug|x64
		{B62C5CC0-D348-31AB-AA2F-25241F588AFC}.Release|x64.ActiveCfg = Release|x64
		{B62C5CC0-D348-31AB-AA2F-25241F588AFC}.Release|x64.Build.0 = Release|x64
		{B62C5CC0-D348-31AB-AA2F-25241F588AFC}.MinSizeRel|x64.ActiveCfg = MinSizeRel|x64
		{B62C5CC0-D348-31AB-AA2F-25241F588AFC}.MinSizeRel|x64.Build.0 = MinSizeRel|x64
		{B62C5CC0-D348-31AB-AA2F-25241F588AFC}.RelWithDebInfo|x64.ActiveCfg = RelWithDebInfo|x64
		{B62C5CC0-D348-31AB-AA2F-25241F588AFC}.RelWithDebInfo|x64.Build.0 = RelWithDebInfo|x64
		{96CA8139-10B3-3678-A153-9053876AB023}.Debug|x64.ActiveCfg = Debug|x64
		{96CA8139-10B3-3678-A153-9053876AB023}.Debug|x64.Build.0 = Debug|x64
		{96CA8139-10B3-3678-A153-9053876AB023}.Release|x64.ActiveCfg = Release|x64
		{96CA8139-10B3-3678-A153-9053876AB023}.Release|x64.Build.0 = Release|x64
		{96CA8139-10B3-3678-A153-9053876AB023}.MinSizeRel|x64.ActiveCfg = MinSizeRel|x64
		{96CA8139-10B3-3678-A153-9053876AB023}.MinSizeRel|x64.Build.0 = MinSizeRel|x64
		{96CA8139-10B3-3678-A153-9053876AB023}.RelWithDebInfo|x64.ActiveCfg = RelWithDebInfo|x64
		{96CA8139-10B3-3678-A153-9053876AB023}.RelWithDebInfo|x64.Build.0 = RelWithDebInfo|x64
		{B00CD0D2-4683-3D88-A938-5ED139E2A61F}.Debug|x64.ActiveCfg = Debug|x64
		{B00CD0D2-4683-3D88-A938-5ED139E2A61F}.Release|x64.ActiveCfg = Release|x64
		{B00CD0D2-4683-3D88-A938-5ED139E2A61F}.MinSizeRel|x64.ActiveCfg = MinSizeRel|x64
		{B00CD0D2-4683-3D88-A938-5ED139E2A61F}.RelWithDebInfo|x64.ActiveCfg = RelWithDebInfo|x64
		{A298B7C1-3C17-381A-B54B-335FADDC08D4}.Debug|x64.ActiveCfg = Debug|x64
		{A298B7C1-3C17-381A-B54B-335FADDC08D4}.Debug|x64.Build.0 = Debug|x64
		{A298B7C1-3C17-381A-B54B-335FADDC08D4}.Release|x64.ActiveCfg = Release|x64
		{A298B7C1-3C17-381A-B54B-335FADDC08D4}.Release|x64.Build.0 = Release|x64
		{A298B7C1-3C17-381A-B54B-335FADDC08D4}.MinSizeRel|x64.ActiveCfg = MinSizeRel|x64
		{A298B7C1-3C17-381A-B54B-335FADDC08D4}.MinSizeRel|x64.Build.0 = MinSizeRel|x64
		{A298B7C1-3C17-381A-B54B-335FADDC08D4}.RelWithDebInfo|x64.ActiveCfg = RelWithDebInfo|x64
		{A298B7C1-3C17-381A-B54B-335FADDC08D4}.RelWithDebInfo|x64.Build.0 = RelWithDebInfo|x64
		{96D960BE-7796-3002-B71D-DDFA1F3BB9E0}.Debug|x64.ActiveCfg = Debug|x64
		{96D960BE-7796-3002-B71D-DDFA1F3BB9E0}.Debug|x64.Build.0 = Debug|x64
		{96D960BE-7796-3002-B71D-DDFA1F3BB9E0}.Release|x64.ActiveCfg = Release|x64
		{96D960BE-7796-3002-B71D-DDFA1F3BB9E0}.Release|x64.Build.0 = Release|x64
		{96D960BE-7796-3002-B71D-DDFA1F3BB9E0}.MinSizeRel|x64.ActiveCfg = MinSizeRel|x64
		{96D960BE-7796-3002-B71D-DDFA1F3BB9E0}.MinSizeRel|x64.Build.0 = MinSizeRel|x64
		{96D960BE-7796-3002-B71D-DDFA1F3BB9E0}.RelWithDebInfo|x64.ActiveCfg = RelWithDebInfo|x64
		{96D960BE-7796-3002-B71D-DDFA1F3BB9E0}.RelWithDebInfo|x64.Build.0 = RelWithDebInfo|x64
		{DA22D651-A134-30B8-B7EA-9845A9B58E1C}.Debug|x64.ActiveCfg = Debug|x64
		{DA22D651-A134-30B8-B7EA-9845A9B58E1C}.Debug|x64.Build.0 = Debug|x64
		{DA22D651-A134-30B8-B7EA-9845A9B58E1C}.Release|x64.ActiveCfg = Release|x64
		{DA22D651-A134-30B8-B7EA-9845A9B58E1C}.Release|x64.Build.0 = Release|x64
		{DA22D651-A134-30B8-B7EA-9845A9B58E1C}.MinSizeRel|x64.ActiveCfg = MinSizeRel|x64
		{DA22D651-A134-30B8-B7EA-9845A9B58E1C}.MinSizeRel|x64.Build.0 = MinSizeRel|x64
		{DA22D651-A134-30B8-B7EA-9845A9B58E1C}.RelWithDebInfo|x64.ActiveCfg = RelWithDebInfo|x64
		{DA22D651-A134-30B8-B7EA-9845A9B58E1C}.RelWithDebInfo|x64.Build.0 = RelWithDebInfo|x64
		{DCD05ADA-19C2-3721-88DC-1E00A67541EA}.Debug|x64.ActiveCfg = Debug|x64
		{DCD05ADA-19C2-3721-88DC-1E00A67541EA}.Debug|x64.Build.0 = Debug|x64
		{DCD05ADA-19C2-3721-88DC-1E00A67541EA}.Release|x64.ActiveCfg = Release|x64
		{DCD05ADA-19C2-3721-88DC-1E00A67541EA}.Release|x64.Build.0 = Release|x64
		{DCD05ADA-19C2-3721-88DC-1E00A67541EA}.MinSizeRel|x64.ActiveCfg = MinSizeRel|x64
		{DCD05ADA-19C2-3721-88DC-1E00A67541EA}.MinSizeRel|x64.Build.0 = MinSizeRel|x64
		{DCD05ADA-19C2-3721-88DC-1E00A67541EA}.RelWithDebInfo|x64.ActiveCfg = RelWithDebInfo|x64
		{DCD05ADA-19C2-3721-88DC-1E00A67541EA}.RelWithDebInfo|x64.Build.0 = RelWithDebInfo|x64
		{D9587EE2-E9F9-30A2-AD28-8BDF67845384}.Debug|x64.ActiveCfg = Debug|x64
		{D9587EE2-E9F9-30A2-AD28-8BDF67845384}.Debug|x64.Build.0 = Debug|x64
		{D9587EE2-E9F9-30A2-AD28-8BDF67845384}.Release|x64.ActiveCfg = Release|x64
		{D9587EE2-E9F9-30A2-AD28-8BDF67845384}.Release|x64.Build.0 = Release|x64
		{D9587EE2-E9F9-30A2-AD28-8BDF67845384}.MinSizeRel|x64.ActiveCfg = MinSizeRel|x64
		{D9587EE2-E9F9-30A2-AD28-8BDF67845384}.MinSizeRel|x64.Build.0 = MinSizeRel|x64
		{D9587EE2-E9F9-30A2-AD28-8BDF67845384}.RelWithDebInfo|x64.ActiveCfg = RelWithDebInfo|x64
		{D9587EE2-E9F9-30A2-AD28-8BDF67845384}.RelWithDebInfo|x64.Build.0 = RelWithDebInfo|x64
		{F8AF7038-3557-33D4-87FD-A1B46AB0AD3C}.Debug|x64.ActiveCfg = Debug|x64
		{F8AF7038-3557-33D4-87FD-A1B46AB0AD3C}.Debug|x64.Build.0 = Debug|x64
		{F8AF7038-3557-33D4-87FD-A1B46AB0AD3C}.Release|x64.ActiveCfg = Release|x64
		{F8AF7038-3557-33D4-87FD-A1B46AB0AD3C}.Release|x64.Build.0 = Release|x64
		{F8AF7038-3557-33D4-87FD-A1B46AB0AD3C}.MinSizeRel|x64.ActiveCfg = MinSizeRel|x64
		{F8AF7038-3557-33D4-87FD-A1B46AB0AD3C}.MinSizeRel|x64.Build.0 = MinSizeRel|x64
		{F8AF7038-3557-33D4-87FD-A1B46AB0AD3C}.RelWithDebInfo|x64.ActiveCfg = RelWithDebInfo|x64
		{F8AF7038-3557-33D4-87FD-A1B46AB0AD3C}.RelWithDebInfo|x64.Build.0 = RelWithDebInfo|x64
		{AF5DD617-6F88-320A-B1E9-473782B17530}.Debug|x64.ActiveCfg = Debug|x64
		{AF5DD617-6F88-320A-B1E9-473782B17530}.Debug|x64.Build.0 = Debug|x64
		{AF5DD617-6F88-320A-B1E9-473782B17530}.Release|x64.ActiveCfg = Release|x64
		{AF5DD617-6F88-320A-B1E9-473782B17530}.Release|x64.Build.0 = Release|x64
		{AF5DD617-6F88-320A-B1E9-473782B17530}.MinSizeRel|x64.ActiveCfg = MinSizeRel|x64
		{AF5DD617-6F88-320A-B1E9-473782B17530}.MinSizeRel|x64.Build.0 = MinSizeRel|x64
		{AF5DD617-6F88-320A-B1E9-473782B17530}.RelWithDebInfo|x64.ActiveCfg = RelWithDebInfo|x64
		{AF5DD617-6F88-320A-B1E9-473782B17530}.RelWithDebInfo|x64.Build.0 = RelWithDebInfo|x64
		{2BBB3308-FF0C-3983-99EC-42E1D0A8BB75}.Debug|x64.ActiveCfg = Debug|x64
		{2BBB3308-FF0C-3983-99EC-42E1D0A8BB75}.Debug|x64.Build.0 = Debug|x64
		{2BBB3308-FF0C-3983-99EC-42E1D0A8BB75}.Release|x64.ActiveCfg = Release|x64
		{2BBB3308-FF0C-3983-99EC-42E1D0A8BB75}.Release|x64.Build.0 = Release|x64
		{2BBB3308-FF0C-3983-99EC-42E1D0A8BB75}.MinSizeRel|x64.ActiveCfg = MinSizeRel|x64
		{2BBB3308-FF0C-3983-99EC-42E1D0A8BB75}.MinSizeRel|x64.Build.0 = MinSizeRel|x64
		{2BBB3308-FF0C-3983-99EC-42E1D0A8BB75}.RelWithDebInfo|x64.ActiveCfg = RelWithDebInfo|x64
		{2BBB3308-FF0C-3983-99EC-42E1D0A8BB75}.RelWithDebInfo|x64.Build.0 = RelWithDebInfo|x64
		{981FEC4C-EC03-394B-9C32-EF284169A979}.Debug|x64.ActiveCfg = Debug|x64
		{981FEC4C-EC03-394B-9C32-EF284169A979}.Debug|x64.Build.0 = Debug|x64
		{981FEC4C-EC03-394B-9C32-EF284169A979}.Release|x64.ActiveCfg = Release|x64
		{981FEC4C-EC03-394B-9C32-EF284169A979}.Release|x64.Build.0 = Release|x64
		{981FEC4C-EC03-394B-9C32-EF284169A979}.MinSizeRel|x64.ActiveCfg = MinSizeRel|x64
		{981FEC4C-EC03-394B-9C32-EF284169A979}.MinSizeRel|x64.Build.0 = MinSizeRel|x64
		{981FEC4C-EC03-394B-9C32-EF284169A979}.RelWithDebInfo|x64.ActiveCfg = RelWithDebInfo|x64
		{981FEC4C-EC03-394B-9C32-EF284169A979}.RelWithDebInfo|x64.Build.0 = RelWithDebInfo|x64
		{CADD775A-BEE7-39AD-ADCA-452F8D20D05B}.Debug|x64.ActiveCfg = Debug|x64
		{CADD775A-BEE7-39AD-ADCA-452F8D20D05B}.Debug|x64.Build.0 = Debug|x64
		{CADD775A-BEE7-39AD-ADCA-452F8D20D05B}.Release|x64.ActiveCfg = Release|x64
		{CADD775A-BEE7-39AD-ADCA-452F8D20D05B}.Release|x64.Build.0 = Release|x64
		{CADD775A-BEE7-39AD-ADCA-452F8D20D05B}.MinSizeRel|x64.ActiveCfg = MinSizeRel|x64
		{CADD775A-BEE7-39AD-ADCA-452F8D20D05B}.MinSizeRel|x64.Build.0 = MinSizeRel|x64
		{CADD775A-BEE7-39AD-ADCA-452F8D20D05B}.RelWithDebInfo|x64.ActiveCfg = RelWithDebInfo|x64
		{CADD775A-BEE7-39AD-ADCA-452F8D20D05B}.RelWithDebInfo|x64.Build.0 = RelWithDebInfo|x64
		{21B3B931-94C7-3274-B34E-FC57655344CD}.Debug|x64.ActiveCfg = Debug|x64
		{21B3B931-94C7-3274-B34E-FC57655344CD}.Debug|x64.Build.0 = Debug|x64
		{21B3B931-94C7-3274-B34E-FC57655344CD}.Release|x64.ActiveCfg = Release|x64
		{21B3B931-94C7-3274-B34E-FC57655344CD}.Release|x64.Build.0 = Release|x64
		{21B3B931-94C7-3274-B34E-FC57655344CD}.MinSizeRel|x64.ActiveCfg = MinSizeRel|x64
		{21B3B931-94C7-3274-B34E-FC57655344CD}.MinSizeRel|x64.Build.0 = MinSizeRel|x64
		{21B3B931-94C7-3274-B34E-FC57655344CD}.RelWithDebInfo|x64.ActiveCfg = RelWithDebInfo|x64
		{21B3B931-94C7-3274-B34E-FC57655344CD}.RelWithDebInfo|x64.Build.0 = RelWithDebInfo|x64
		{244DE688-6271-31BC-81C0-3803317101DE}.Debug|x64.ActiveCfg = Debug|x64
		{244DE688-6271-31BC-81C0-3803317101DE}.Debug|x64.Build.0 = Debug|x64
		{244DE688-6271-31BC-81C0-3803317101DE}.Release|x64.ActiveCfg = Release|x64
		{244DE688-6271-31BC-81C0-3803317101DE}.Release|x64.Build.0 = Release|x64
		{244DE688-6271-31BC-81C0-3803317101DE}.MinSizeRel|x64.ActiveCfg = MinSizeRel|x64
		{244DE688-6271-31BC-81C0-3803317101DE}.MinSizeRel|x64.Build.0 = MinSizeRel|x64
		{244DE688-6271-31BC-81C0-3803317101DE}.RelWithDebInfo|x64.ActiveCfg = RelWithDebInfo|x64
		{244DE688-6271-31BC-81C0-3803317101DE}.RelWithDebInfo|x64.Build.0 = RelWithDebInfo|x64
		{D8E4AABF-A3D1-3ED3-9183-3D6E292D4811}.Debug|x64.ActiveCfg = Debug|x64
		{D8E4AABF-A3D1-3ED3-9183-3D6E292D4811}.Debug|x64.Build.0 = Debug|x64
		{D8E4AABF-A3D1-3ED3-9183-3D6E292D4811}.Release|x64.ActiveCfg = Release|x64
		{D8E4AABF-A3D1-3ED3-9183-3D6E292D4811}.Release|x64.Build.0 = Release|x64
		{D8E4AABF-A3D1-3ED3-9183-3D6E292D4811}.MinSizeRel|x64.ActiveCfg = MinSizeRel|x64
		{D8E4AABF-A3D1-3ED3-9183-3D6E292D4811}.MinSizeRel|x64.Build.0 = MinSizeRel|x64
		{D8E4AABF-A3D1-3ED3-9183-3D6E292D4811}.RelWithDebInfo|x64.ActiveCfg = RelWithDebInfo|x64
		{D8E4AABF-A3D1-3ED3-9183-3D6E292D4811}.RelWithDebInfo|x64.Build.0 = RelWithDebInfo|x64
		{766D682E-1C88-3548-83BA-98FB09339516}.Debug|x64.ActiveCfg = Debug|x64
		{766D682E-1C88-3548-83BA-98FB09339516}.Debug|x64.Build.0 = Debug|x64
		{766D682E-1C88-3548-83BA-98FB09339516}.Release|x64.ActiveCfg = Release|x64
		{766D682E-1C88-3548-83BA-98FB09339516}.Release|x64.Build.0 = Release|x64
		{766D682E-1C88-3548-83BA-98FB09339516}.MinSizeRel|x64.ActiveCfg = MinSizeRel|x64
		{766D682E-1C88-3548-83BA-98FB09339516}.MinSizeRel|x64.Build.0 = MinSizeRel|x64
		{766D682E-1C88-3548-83BA-98FB09339516}.RelWithDebInfo|x64.ActiveCfg = RelWithDebInfo|x64
		{766D682E-1C88-3548-83BA-98FB09339516}.RelWithDebInfo|x64.Build.0 = RelWithDebInfo|x64
		{7743FBEB-E059-334E-A7DD-4D5B57586D8D}.Debug|x64.ActiveCfg = Debug|x64
		{7743FBEB-E059-334E-A7DD-4D5B57586D8D}.Debug|x64.Build.0 = Debug|x64
		{7743FBEB-E059-334E-A7DD-4D5B57586D8D}.Release|x64.ActiveCfg = Release|x64
		{7743FBEB-E059-334E-A7DD-4D5B57586D8D}.Release|x64.Build.0 = Release|x64
		{7743FBEB-E059-334E-A7DD-4D5B57586D8D}.MinSizeRel|x64.ActiveCfg = MinSizeRel|x64
		{7743FBEB-E059-334E-A7DD-4D5B57586D8D}.MinSizeRel|x64.Build.0 = MinSizeRel|x64
		{7743FBEB-E059-334E-A7DD-4D5B57586D8D}.RelWithDebInfo|x64.ActiveCfg = RelWithDebInfo|x64
		{7743FBEB-E059-334E-A7DD-4D5B57586D8D}.RelWithDebInfo|x64.Build.0 = RelWithDebInfo|x64
		{B68E0C1B-C61B-3A97-9B4E-75384E3B7673}.Debug|x64.ActiveCfg = Debug|x64
		{B68E0C1B-C61B-3A97-9B4E-75384E3B7673}.Debug|x64.Build.0 = Debug|x64
		{B68E0C1B-C61B-3A97-9B4E-75384E3B7673}.Release|x64.ActiveCfg = Release|x64
		{B68E0C1B-C61B-3A97-9B4E-75384E3B7673}.Release|x64.Build.0 = Release|x64
		{B68E0C1B-C61B-3A97-9B4E-75384E3B7673}.MinSizeRel|x64.ActiveCfg = MinSizeRel|x64
		{B68E0C1B-C61B-3A97-9B4E-75384E3B7673}.MinSizeRel|x64.Build.0 = MinSizeRel|x64
		{B68E0C1B-C61B-3A97-9B4E-75384E3B7673}.RelWithDebInfo|x64.ActiveCfg = RelWithDebInfo|x64
		{B68E0C1B-C61B-3A97-9B4E-75384E3B7673}.RelWithDebInfo|x64.Build.0 = RelWithDebInfo|x64
		{6091FD48-BFB7-30E1-86AE-D6833D973433}.Debug|x64.ActiveCfg = Debug|x64
		{6091FD48-BFB7-30E1-86AE-D6833D973433}.Debug|x64.Build.0 = Debug|x64
		{6091FD48-BFB7-30E1-86AE-D6833D973433}.Release|x64.ActiveCfg = Release|x64
		{6091FD48-BFB7-30E1-86AE-D6833D973433}.Release|x64.Build.0 = Release|x64
		{6091FD48-BFB7-30E1-86AE-D6833D973433}.MinSizeRel|x64.ActiveCfg = MinSizeRel|x64
		{6091FD48-BFB7-30E1-86AE-D6833D973433}.MinSizeRel|x64.Build.0 = MinSizeRel|x64
		{6091FD48-BFB7-30E1-86AE-D6833D973433}.RelWithDebInfo|x64.ActiveCfg = RelWithDebInfo|x64
		{6091FD48-BFB7-30E1-86AE-D6833D973433}.RelWithDebInfo|x64.Build.0 = RelWithDebInfo|x64
		{7084EF7D-90C4-31DF-ABCD-486BD51F6B4A}.Debug|x64.ActiveCfg = Debug|x64
		{7084EF7D-90C4-31DF-ABCD-486BD51F6B4A}.Debug|x64.Build.0 = Debug|x64
		{7084EF7D-90C4-31DF-ABCD-486BD51F6B4A}.Release|x64.ActiveCfg = Release|x64
		{7084EF7D-90C4-31DF-ABCD-486BD51F6B4A}.Release|x64.Build.0 = Release|x64
		{7084EF7D-90C4-31DF-ABCD-486BD51F6B4A}.MinSizeRel|x64.ActiveCfg = MinSizeRel|x64
		{7084EF7D-90C4-31DF-ABCD-486BD51F6B4A}.MinSizeRel|x64.Build.0 = MinSizeRel|x64
		{7084EF7D-90C4-31DF-ABCD-486BD51F6B4A}.RelWithDebInfo|x64.ActiveCfg = RelWithDebInfo|x64
		{7084EF7D-90C4-31DF-ABCD-486BD51F6B4A}.RelWithDebInfo|x64.Build.0 = RelWithDebInfo|x64
		{9FE0C716-2BB5-3FDD-B85B-6778751E9CFF}.Debug|x64.ActiveCfg = Debug|x64
		{9FE0C716-2BB5-3FDD-B85B-6778751E9CFF}.Debug|x64.Build.0 = Debug|x64
		{9FE0C716-2BB5-3FDD-B85B-6778751E9CFF}.Release|x64.ActiveCfg = Release|x64
		{9FE0C716-2BB5-3FDD-B85B-6778751E9CFF}.Release|x64.Build.0 = Release|x64
		{9FE0C716-2BB5-3FDD-B85B-6778751E9CFF}.MinSizeRel|x64.ActiveCfg = MinSizeRel|x64
		{9FE0C716-2BB5-3FDD-B85B-6778751E9CFF}.MinSizeRel|x64.Build.0 = MinSizeRel|x64
		{9FE0C716-2BB5-3FDD-B85B-6778751E9CFF}.RelWithDebInfo|x64.ActiveCfg = RelWithDebInfo|x64
		{9FE0C716-2BB5-3FDD-B85B-6778751E9CFF}.RelWithDebInfo|x64.Build.0 = RelWithDebInfo|x64
		{C350219D-8FCD-3F59-BFE3-3B8B5E6AB4F0}.Debug|x64.ActiveCfg = Debug|x64
		{C350219D-8FCD-3F59-BFE3-3B8B5E6AB4F0}.Debug|x64.Build.0 = Debug|x64
		{C350219D-8FCD-3F59-BFE3-3B8B5E6AB4F0}.Release|x64.ActiveCfg = Release|x64
		{C350219D-8FCD-3F59-BFE3-3B8B5E6AB4F0}.Release|x64.Build.0 = Release|x64
		{C350219D-8FCD-3F59-BFE3-3B8B5E6AB4F0}.MinSizeRel|x64.ActiveCfg = MinSizeRel|x64
		{C350219D-8FCD-3F59-BFE3-3B8B5E6AB4F0}.MinSizeRel|x64.Build.0 = MinSizeRel|x64
		{C350219D-8FCD-3F59-BFE3-3B8B5E6AB4F0}.RelWithDebInfo|x64.ActiveCfg = RelWithDebInfo|x64
		{C350219D-8FCD-3F59-BFE3-3B8B5E6AB4F0}.RelWithDebInfo|x64.Build.0 = RelWithDebInfo|x64
		{EDA1E3E1-6C9F-3726-8EA7-41B8E5CB528F}.Debug|x64.ActiveCfg = Debug|x64
		{EDA1E3E1-6C9F-3726-8EA7-41B8E5CB528F}.Debug|x64.Build.0 = Debug|x64
		{EDA1E3E1-6C9F-3726-8EA7-41B8E5CB528F}.Release|x64.ActiveCfg = Release|x64
		{EDA1E3E1-6C9F-3726-8EA7-41B8E5CB528F}.Release|x64.Build.0 = Release|x64
		{EDA1E3E1-6C9F-3726-8EA7-41B8E5CB528F}.MinSizeRel|x64.ActiveCfg = MinSizeRel|x64
		{EDA1E3E1-6C9F-3726-8EA7-41B8E5CB528F}.MinSizeRel|x64.Build.0 = MinSizeRel|x64
		{EDA1E3E1-6C9F-3726-8EA7-41B8E5CB528F}.RelWithDebInfo|x64.ActiveCfg = RelWithDebInfo|x64
		{EDA1E3E1-6C9F-3726-8EA7-41B8E5CB528F}.RelWithDebInfo|x64.Build.0 = RelWithDebInfo|x64
		{86855B87-41BC-3EF3-B7E9-BED5261DB089}.Debug|x64.ActiveCfg = Debug|x64
		{86855B87-41BC-3EF3-B7E9-BED5261DB089}.Debug|x64.Build.0 = Debug|x64
		{86855B87-41BC-3EF3-B7E9-BED5261DB089}.Release|x64.ActiveCfg = Release|x64
		{86855B87-41BC-3EF3-B7E9-BED5261DB089}.Release|x64.Build.0 = Release|x64
		{86855B87-41BC-3EF3-B7E9-BED5261DB089}.MinSizeRel|x64.ActiveCfg = MinSizeRel|x64
		{86855B87-41BC-3EF3-B7E9-BED5261DB089}.MinSizeRel|x64.Build.0 = MinSizeRel|x64
		{86855B87-41BC-3EF3-B7E9-BED5261DB089}.RelWithDebInfo|x64.ActiveCfg = RelWithDebInfo|x64
		{86855B87-41BC-3EF3-B7E9-BED5261DB089}.RelWithDebInfo|x64.Build.0 = RelWithDebInfo|x64
		{93E3A93F-1A58-3374-AA6F-1C3670B3C82B}.Debug|x64.ActiveCfg = Debug|x64
		{93E3A93F-1A58-3374-AA6F-1C3670B3C82B}.Debug|x64.Build.0 = Debug|x64
		{93E3A93F-1A58-3374-AA6F-1C3670B3C82B}.Release|x64.ActiveCfg = Release|x64
		{93E3A93F-1A58-3374-AA6F-1C3670B3C82B}.Release|x64.Build.0 = Release|x64
		{93E3A93F-1A58-3374-AA6F-1C3670B3C82B}.MinSizeRel|x64.ActiveCfg = MinSizeRel|x64
		{93E3A93F-1A58-3374-AA6F-1C3670B3C82B}.MinSizeRel|x64.Build.0 = MinSizeRel|x64
		{93E3A93F-1A58-3374-AA6F-1C3670B3C82B}.RelWithDebInfo|x64.ActiveCfg = RelWithDebInfo|x64
		{93E3A93F-1A58-3374-AA6F-1C3670B3C82B}.RelWithDebInfo|x64.Build.0 = RelWithDebInfo|x64
		{80F6BAD0-E8DE-39F3-8AB9-FAB0119C549C}.Debug|x64.ActiveCfg = Debug|x64
		{80F6BAD0-E8DE-39F3-8AB9-FAB0119C549C}.Debug|x64.Build.0 = Debug|x64
		{80F6BAD0-E8DE-39F3-8AB9-FAB0119C549C}.Release|x64.ActiveCfg = Release|x64
		{80F6BAD0-E8DE-39F3-8AB9-FAB0119C549C}.Release|x64.Build.0 = Release|x64
		{80F6BAD0-E8DE-39F3-8AB9-FAB0119C549C}.MinSizeRel|x64.ActiveCfg = MinSizeRel|x64
		{80F6BAD0-E8DE-39F3-8AB9-FAB0119C549C}.MinSizeRel|x64.Build.0 = MinSizeRel|x64
		{80F6BAD0-E8DE-39F3-8AB9-FAB0119C549C}.RelWithDebInfo|x64.ActiveCfg = RelWithDebInfo|x64
		{80F6BAD0-E8DE-39F3-8AB9-FAB0119C549C}.RelWithDebInfo|x64.Build.0 = RelWithDebInfo|x64
		{26511798-7296-37DA-929D-995D2D3A7670}.Debug|x64.ActiveCfg = Debug|x64
		{26511798-7296-37DA-929D-995D2D3A7670}.Debug|x64.Build.0 = Debug|x64
		{26511798-7296-37DA-929D-995D2D3A7670}.Release|x64.ActiveCfg = Release|x64
		{26511798-7296-37DA-929D-995D2D3A7670}.Release|x64.Build.0 = Release|x64
		{26511798-7296-37DA-929D-995D2D3A7670}.MinSizeRel|x64.ActiveCfg = MinSizeRel|x64
		{26511798-7296-37DA-929D-995D2D3A7670}.MinSizeRel|x64.Build.0 = MinSizeRel|x64
		{26511798-7296-37DA-929D-995D2D3A7670}.RelWithDebInfo|x64.ActiveCfg = RelWithDebInfo|x64
		{26511798-7296-37DA-929D-995D2D3A7670}.RelWithDebInfo|x64.Build.0 = RelWithDebInfo|x64
		{6D0120F2-D61A-343E-8EE8-9E5566700E6E}.Debug|x64.ActiveCfg = Debug|x64
		{6D0120F2-D61A-343E-8EE8-9E5566700E6E}.Debug|x64.Build.0 = Debug|x64
		{6D0120F2-D61A-343E-8EE8-9E5566700E6E}.Release|x64.ActiveCfg = Release|x64
		{6D0120F2-D61A-343E-8EE8-9E5566700E6E}.Release|x64.Build.0 = Release|x64
		{6D0120F2-D61A-343E-8EE8-9E5566700E6E}.MinSizeRel|x64.ActiveCfg = MinSizeRel|x64
		{6D0120F2-D61A-343E-8EE8-9E5566700E6E}.MinSizeRel|x64.Build.0 = MinSizeRel|x64
		{6D0120F2-D61A-343E-8EE8-9E5566700E6E}.RelWithDebInfo|x64.ActiveCfg = RelWithDebInfo|x64
		{6D0120F2-D61A-343E-8EE8-9E5566700E6E}.RelWithDebInfo|x64.Build.0 = RelWithDebInfo|x64
		{6FD94BFC-E410-392E-8920-6562185132FA}.Debug|x64.ActiveCfg = Debug|x64
		{6FD94BFC-E410-392E-8920-6562185132FA}.Debug|x64.Build.0 = Debug|x64
		{6FD94BFC-E410-392E-8920-6562185132FA}.Release|x64.ActiveCfg = Release|x64
		{6FD94BFC-E410-392E-8920-6562185132FA}.Release|x64.Build.0 = Release|x64
		{6FD94BFC-E410-392E-8920-6562185132FA}.MinSizeRel|x64.ActiveCfg = MinSizeRel|x64
		{6FD94BFC-E410-392E-8920-6562185132FA}.MinSizeRel|x64.Build.0 = MinSizeRel|x64
		{6FD94BFC-E410-392E-8920-6562185132FA}.RelWithDebInfo|x64.ActiveCfg = RelWithDebInfo|x64
		{6FD94BFC-E410-392E-8920-6562185132FA}.RelWithDebInfo|x64.Build.0 = RelWithDebInfo|x64
		{4362012E-04DD-3F9F-82F6-74F06ADA5984}.Debug|x64.ActiveCfg = Debug|x64
		{4362012E-04DD-3F9F-82F6-74F06ADA5984}.Debug|x64.Build.0 = Debug|x64
		{4362012E-04DD-3F9F-82F6-74F06ADA5984}.Release|x64.ActiveCfg = Release|x64
		{4362012E-04DD-3F9F-82F6-74F06ADA5984}.Release|x64.Build.0 = Release|x64
		{4362012E-04DD-3F9F-82F6-74F06ADA5984}.MinSizeRel|x64.ActiveCfg = MinSizeRel|x64
		{4362012E-04DD-3F9F-82F6-74F06ADA5984}.MinSizeRel|x64.Build.0 = MinSizeRel|x64
		{4362012E-04DD-3F9F-82F6-74F06ADA5984}.RelWithDebInfo|x64.ActiveCfg = RelWithDebInfo|x64
		{4362012E-04DD-3F9F-82F6-74F06ADA5984}.RelWithDebInfo|x64.Build.0 = RelWithDebInfo|x64
		{3D5DD435-28C8-3D19-A21A-CA44FE0B2DEF}.Debug|x64.ActiveCfg = Debug|x64
		{3D5DD435-28C8-3D19-A21A-CA44FE0B2DEF}.Debug|x64.Build.0 = Debug|x64
		{3D5DD435-28C8-3D19-A21A-CA44FE0B2DEF}.Release|x64.ActiveCfg = Release|x64
		{3D5DD435-28C8-3D19-A21A-CA44FE0B2DEF}.Release|x64.Build.0 = Release|x64
		{3D5DD435-28C8-3D19-A21A-CA44FE0B2DEF}.MinSizeRel|x64.ActiveCfg = MinSizeRel|x64
		{3D5DD435-28C8-3D19-A21A-CA44FE0B2DEF}.MinSizeRel|x64.Build.0 = MinSizeRel|x64
		{3D5DD435-28C8-3D19-A21A-CA44FE0B2DEF}.RelWithDebInfo|x64.ActiveCfg = RelWithDebInfo|x64
		{3D5DD435-28C8-3D19-A21A-CA44FE0B2DEF}.RelWithDebInfo|x64.Build.0 = RelWithDebInfo|x64
		{9F81EC4D-CA14-39DF-AA6A-6FD7E181C67A}.Debug|x64.ActiveCfg = Debug|x64
		{9F81EC4D-CA14-39DF-AA6A-6FD7E181C67A}.Debug|x64.Build.0 = Debug|x64
		{9F81EC4D-CA14-39DF-AA6A-6FD7E181C67A}.Release|x64.ActiveCfg = Release|x64
		{9F81EC4D-CA14-39DF-AA6A-6FD7E181C67A}.Release|x64.Build.0 = Release|x64
		{9F81EC4D-CA14-39DF-AA6A-6FD7E181C67A}.MinSizeRel|x64.ActiveCfg = MinSizeRel|x64
		{9F81EC4D-CA14-39DF-AA6A-6FD7E181C67A}.MinSizeRel|x64.Build.0 = MinSizeRel|x64
		{9F81EC4D-CA14-39DF-AA6A-6FD7E181C67A}.RelWithDebInfo|x64.ActiveCfg = RelWithDebInfo|x64
		{9F81EC4D-CA14-39DF-AA6A-6FD7E181C67A}.RelWithDebInfo|x64.Build.0 = RelWithDebInfo|x64
		{ADE9ECC8-2FF9-3995-BE7B-FC14930085A5}.Debug|x64.ActiveCfg = Debug|x64
		{ADE9ECC8-2FF9-3995-BE7B-FC14930085A5}.Debug|x64.Build.0 = Debug|x64
		{ADE9ECC8-2FF9-3995-BE7B-FC14930085A5}.Release|x64.ActiveCfg = Release|x64
		{ADE9ECC8-2FF9-3995-BE7B-FC14930085A5}.Release|x64.Build.0 = Release|x64
		{ADE9ECC8-2FF9-3995-BE7B-FC14930085A5}.MinSizeRel|x64.ActiveCfg = MinSizeRel|x64
		{ADE9ECC8-2FF9-3995-BE7B-FC14930085A5}.MinSizeRel|x64.Build.0 = MinSizeRel|x64
		{ADE9ECC8-2FF9-3995-BE7B-FC14930085A5}.RelWithDebInfo|x64.ActiveCfg = RelWithDebInfo|x64
		{ADE9ECC8-2FF9-3995-BE7B-FC14930085A5}.RelWithDebInfo|x64.Build.0 = RelWithDebInfo|x64
		{CE6076D5-5680-3811-9C64-64A3A96E13BB}.Debug|x64.ActiveCfg = Debug|x64
		{CE6076D5-5680-3811-9C64-64A3A96E13BB}.Debug|x64.Build.0 = Debug|x64
		{CE6076D5-5680-3811-9C64-64A3A96E13BB}.Release|x64.ActiveCfg = Release|x64
		{CE6076D5-5680-3811-9C64-64A3A96E13BB}.Release|x64.Build.0 = Release|x64
		{CE6076D5-5680-3811-9C64-64A3A96E13BB}.MinSizeRel|x64.ActiveCfg = MinSizeRel|x64
		{CE6076D5-5680-3811-9C64-64A3A96E13BB}.MinSizeRel|x64.Build.0 = MinSizeRel|x64
		{CE6076D5-5680-3811-9C64-64A3A96E13BB}.RelWithDebInfo|x64.ActiveCfg = RelWithDebInfo|x64
		{CE6076D5-5680-3811-9C64-64A3A96E13BB}.RelWithDebInfo|x64.Build.0 = RelWithDebInfo|x64
		{22FD19F9-281F-30F4-85F8-3E6B3E284554}.Debug|x64.ActiveCfg = Debug|x64
		{22FD19F9-281F-30F4-85F8-3E6B3E284554}.Debug|x64.Build.0 = Debug|x64
		{22FD19F9-281F-30F4-85F8-3E6B3E284554}.Release|x64.ActiveCfg = Release|x64
		{22FD19F9-281F-30F4-85F8-3E6B3E284554}.Release|x64.Build.0 = Release|x64
		{22FD19F9-281F-30F4-85F8-3E6B3E284554}.MinSizeRel|x64.ActiveCfg = MinSizeRel|x64
		{22FD19F9-281F-30F4-85F8-3E6B3E284554}.MinSizeRel|x64.Build.0 = MinSizeRel|x64
		{22FD19F9-281F-30F4-85F8-3E6B3E284554}.RelWithDebInfo|x64.ActiveCfg = RelWithDebInfo|x64
		{22FD19F9-281F-30F4-85F8-3E6B3E284554}.RelWithDebInfo|x64.Build.0 = RelWithDebInfo|x64
		{9D4D1D7A-FCB3-3A1F-8229-B4DC962DA4E0}.Debug|x64.ActiveCfg = Debug|x64
		{9D4D1D7A-FCB3-3A1F-8229-B4DC962DA4E0}.Debug|x64.Build.0 = Debug|x64
		{9D4D1D7A-FCB3-3A1F-8229-B4DC962DA4E0}.Release|x64.ActiveCfg = Release|x64
		{9D4D1D7A-FCB3-3A1F-8229-B4DC962DA4E0}.Release|x64.Build.0 = Release|x64
		{9D4D1D7A-FCB3-3A1F-8229-B4DC962DA4E0}.MinSizeRel|x64.ActiveCfg = MinSizeRel|x64
		{9D4D1D7A-FCB3-3A1F-8229-B4DC962DA4E0}.MinSizeRel|x64.Build.0 = MinSizeRel|x64
		{9D4D1D7A-FCB3-3A1F-8229-B4DC962DA4E0}.RelWithDebInfo|x64.ActiveCfg = RelWithDebInfo|x64
		{9D4D1D7A-FCB3-3A1F-8229-B4DC962DA4E0}.RelWithDebInfo|x64.Build.0 = RelWithDebInfo|x64
		{519D1430-36DF-3F50-9EFE-7352B5A7073E}.Debug|x64.ActiveCfg = Debug|x64
		{519D1430-36DF-3F50-9EFE-7352B5A7073E}.Debug|x64.Build.0 = Debug|x64
		{519D1430-36DF-3F50-9EFE-7352B5A7073E}.Release|x64.ActiveCfg = Release|x64
		{519D1430-36DF-3F50-9EFE-7352B5A7073E}.Release|x64.Build.0 = Release|x64
		{519D1430-36DF-3F50-9EFE-7352B5A7073E}.MinSizeRel|x64.ActiveCfg = MinSizeRel|x64
		{519D1430-36DF-3F50-9EFE-7352B5A7073E}.MinSizeRel|x64.Build.0 = MinSizeRel|x64
		{519D1430-36DF-3F50-9EFE-7352B5A7073E}.RelWithDebInfo|x64.ActiveCfg = RelWithDebInfo|x64
		{519D1430-36DF-3F50-9EFE-7352B5A7073E}.RelWithDebInfo|x64.Build.0 = RelWithDebInfo|x64
		{53BCB22F-9156-3746-8723-0CCF607AF2DA}.Debug|x64.ActiveCfg = Debug|x64
		{53BCB22F-9156-3746-8723-0CCF607AF2DA}.Debug|x64.Build.0 = Debug|x64
		{53BCB22F-9156-3746-8723-0CCF607AF2DA}.Release|x64.ActiveCfg = Release|x64
		{53BCB22F-9156-3746-8723-0CCF607AF2DA}.Release|x64.Build.0 = Release|x64
		{53BCB22F-9156-3746-8723-0CCF607AF2DA}.MinSizeRel|x64.ActiveCfg = MinSizeRel|x64
		{53BCB22F-9156-3746-8723-0CCF607AF2DA}.MinSizeRel|x64.Build.0 = MinSizeRel|x64
		{53BCB22F-9156-3746-8723-0CCF607AF2DA}.RelWithDebInfo|x64.ActiveCfg = RelWithDebInfo|x64
		{53BCB22F-9156-3746-8723-0CCF607AF2DA}.RelWithDebInfo|x64.Build.0 = RelWithDebInfo|x64
		{DFEC81AC-A9B4-3001-BDA3-EE6692C51988}.Debug|x64.ActiveCfg = Debug|x64
		{DFEC81AC-A9B4-3001-BDA3-EE6692C51988}.Debug|x64.Build.0 = Debug|x64
		{DFEC81AC-A9B4-3001-BDA3-EE6692C51988}.Release|x64.ActiveCfg = Release|x64
		{DFEC81AC-A9B4-3001-BDA3-EE6692C51988}.Release|x64.Build.0 = Release|x64
		{DFEC81AC-A9B4-3001-BDA3-EE6692C51988}.MinSizeRel|x64.ActiveCfg = MinSizeRel|x64
		{DFEC81AC-A9B4-3001-BDA3-EE6692C51988}.MinSizeRel|x64.Build.0 = MinSizeRel|x64
		{DFEC81AC-A9B4-3001-BDA3-EE6692C51988}.RelWithDebInfo|x64.ActiveCfg = RelWithDebInfo|x64
		{DFEC81AC-A9B4-3001-BDA3-EE6692C51988}.RelWithDebInfo|x64.Build.0 = RelWithDebInfo|x64
		{4F3D52CB-71DC-3D04-9D41-3F5499815613}.Debug|x64.ActiveCfg = Debug|x64
		{4F3D52CB-71DC-3D04-9D41-3F5499815613}.Debug|x64.Build.0 = Debug|x64
		{4F3D52CB-71DC-3D04-9D41-3F5499815613}.Release|x64.ActiveCfg = Release|x64
		{4F3D52CB-71DC-3D04-9D41-3F5499815613}.Release|x64.Build.0 = Release|x64
		{4F3D52CB-71DC-3D04-9D41-3F5499815613}.MinSizeRel|x64.ActiveCfg = MinSizeRel|x64
		{4F3D52CB-71DC-3D04-9D41-3F5499815613}.MinSizeRel|x64.Build.0 = MinSizeRel|x64
		{4F3D52CB-71DC-3D04-9D41-3F5499815613}.RelWithDebInfo|x64.ActiveCfg = RelWithDebInfo|x64
		{4F3D52CB-71DC-3D04-9D41-3F5499815613}.RelWithDebInfo|x64.Build.0 = RelWithDebInfo|x64
		{7AFA8970-5D22-379D-B62E-C4D2551C572F}.Debug|x64.ActiveCfg = Debug|x64
		{7AFA8970-5D22-379D-B62E-C4D2551C572F}.Debug|x64.Build.0 = Debug|x64
		{7AFA8970-5D22-379D-B62E-C4D2551C572F}.Release|x64.ActiveCfg = Release|x64
		{7AFA8970-5D22-379D-B62E-C4D2551C572F}.Release|x64.Build.0 = Release|x64
		{7AFA8970-5D22-379D-B62E-C4D2551C572F}.MinSizeRel|x64.ActiveCfg = MinSizeRel|x64
		{7AFA8970-5D22-379D-B62E-C4D2551C572F}.MinSizeRel|x64.Build.0 = MinSizeRel|x64
		{7AFA8970-5D22-379D-B62E-C4D2551C572F}.RelWithDebInfo|x64.ActiveCfg = RelWithDebInfo|x64
		{7AFA8970-5D22-379D-B62E-C4D2551C572F}.RelWithDebInfo|x64.Build.0 = RelWithDebInfo|x64
		{1584E941-5167-3533-968D-4C0E5EF299D1}.Debug|x64.ActiveCfg = Debug|x64
		{1584E941-5167-3533-968D-4C0E5EF299D1}.Debug|x64.Build.0 = Debug|x64
		{1584E941-5167-3533-968D-4C0E5EF299D1}.Release|x64.ActiveCfg = Release|x64
		{1584E941-5167-3533-968D-4C0E5EF299D1}.Release|x64.Build.0 = Release|x64
		{1584E941-5167-3533-968D-4C0E5EF299D1}.MinSizeRel|x64.ActiveCfg = MinSizeRel|x64
		{1584E941-5167-3533-968D-4C0E5EF299D1}.MinSizeRel|x64.Build.0 = MinSizeRel|x64
		{1584E941-5167-3533-968D-4C0E5EF299D1}.RelWithDebInfo|x64.ActiveCfg = RelWithDebInfo|x64
		{1584E941-5167-3533-968D-4C0E5EF299D1}.RelWithDebInfo|x64.Build.0 = RelWithDebInfo|x64
		{4C11EF69-B7A0-34E3-9CD5-6DAE03B0258B}.Debug|x64.ActiveCfg = Debug|x64
		{4C11EF69-B7A0-34E3-9CD5-6DAE03B0258B}.Debug|x64.Build.0 = Debug|x64
		{4C11EF69-B7A0-34E3-9CD5-6DAE03B0258B}.Release|x64.ActiveCfg = Release|x64
		{4C11EF69-B7A0-34E3-9CD5-6DAE03B0258B}.Release|x64.Build.0 = Release|x64
		{4C11EF69-B7A0-34E3-9CD5-6DAE03B0258B}.MinSizeRel|x64.ActiveCfg = MinSizeRel|x64
		{4C11EF69-B7A0-34E3-9CD5-6DAE03B0258B}.MinSizeRel|x64.Build.0 = MinSizeRel|x64
		{4C11EF69-B7A0-34E3-9CD5-6DAE03B0258B}.RelWithDebInfo|x64.ActiveCfg = RelWithDebInfo|x64
		{4C11EF69-B7A0-34E3-9CD5-6DAE03B0258B}.RelWithDebInfo|x64.Build.0 = RelWithDebInfo|x64
		{308B2CD3-F498-392B-98E9-6A37B11F7C6A}.Debug|x64.ActiveCfg = Debug|x64
		{308B2CD3-F498-392B-98E9-6A37B11F7C6A}.Debug|x64.Build.0 = Debug|x64
		{308B2CD3-F498-392B-98E9-6A37B11F7C6A}.Release|x64.ActiveCfg = Release|x64
		{308B2CD3-F498-392B-98E9-6A37B11F7C6A}.Release|x64.Build.0 = Release|x64
		{308B2CD3-F498-392B-98E9-6A37B11F7C6A}.MinSizeRel|x64.ActiveCfg = MinSizeRel|x64
		{308B2CD3-F498-392B-98E9-6A37B11F7C6A}.MinSizeRel|x64.Build.0 = MinSizeRel|x64
		{308B2CD3-F498-392B-98E9-6A37B11F7C6A}.RelWithDebInfo|x64.ActiveCfg = RelWithDebInfo|x64
		{308B2CD3-F498-392B-98E9-6A37B11F7C6A}.RelWithDebInfo|x64.Build.0 = RelWithDebInfo|x64
		{65C91133-4336-39B1-B5B3-F72B91929BB7}.Debug|x64.ActiveCfg = Debug|x64
		{65C91133-4336-39B1-B5B3-F72B91929BB7}.Debug|x64.Build.0 = Debug|x64
		{65C91133-4336-39B1-B5B3-F72B91929BB7}.Release|x64.ActiveCfg = Release|x64
		{65C91133-4336-39B1-B5B3-F72B91929BB7}.Release|x64.Build.0 = Release|x64
		{65C91133-4336-39B1-B5B3-F72B91929BB7}.MinSizeRel|x64.ActiveCfg = MinSizeRel|x64
		{65C91133-4336-39B1-B5B3-F72B91929BB7}.MinSizeRel|x64.Build.0 = MinSizeRel|x64
		{65C91133-4336-39B1-B5B3-F72B91929BB7}.RelWithDebInfo|x64.ActiveCfg = RelWithDebInfo|x64
		{65C91133-4336-39B1-B5B3-F72B91929BB7}.RelWithDebInfo|x64.Build.0 = RelWithDebInfo|x64
		{4022E208-9265-3920-8977-7FCE4A92F550}.Debug|x64.ActiveCfg = Debug|x64
		{4022E208-9265-3920-8977-7FCE4A92F550}.Debug|x64.Build.0 = Debug|x64
		{4022E208-9265-3920-8977-7FCE4A92F550}.Release|x64.ActiveCfg = Release|x64
		{4022E208-9265-3920-8977-7FCE4A92F550}.Release|x64.Build.0 = Release|x64
		{4022E208-9265-3920-8977-7FCE4A92F550}.MinSizeRel|x64.ActiveCfg = MinSizeRel|x64
		{4022E208-9265-3920-8977-7FCE4A92F550}.MinSizeRel|x64.Build.0 = MinSizeRel|x64
		{4022E208-9265-3920-8977-7FCE4A92F550}.RelWithDebInfo|x64.ActiveCfg = RelWithDebInfo|x64
		{4022E208-9265-3920-8977-7FCE4A92F550}.RelWithDebInfo|x64.Build.0 = RelWithDebInfo|x64
		{969FEC7E-E36D-3338-BFE8-FB3FD5B28E95}.Debug|x64.ActiveCfg = Debug|x64
		{969FEC7E-E36D-3338-BFE8-FB3FD5B28E95}.Debug|x64.Build.0 = Debug|x64
		{969FEC7E-E36D-3338-BFE8-FB3FD5B28E95}.Release|x64.ActiveCfg = Release|x64
		{969FEC7E-E36D-3338-BFE8-FB3FD5B28E95}.Release|x64.Build.0 = Release|x64
		{969FEC7E-E36D-3338-BFE8-FB3FD5B28E95}.MinSizeRel|x64.ActiveCfg = MinSizeRel|x64
		{969FEC7E-E36D-3338-BFE8-FB3FD5B28E95}.MinSizeRel|x64.Build.0 = MinSizeRel|x64
		{969FEC7E-E36D-3338-BFE8-FB3FD5B28E95}.RelWithDebInfo|x64.ActiveCfg = RelWithDebInfo|x64
		{969FEC7E-E36D-3338-BFE8-FB3FD5B28E95}.RelWithDebInfo|x64.Build.0 = RelWithDebInfo|x64
		{D0755AAA-E069-3185-AFCB-2B98A74BEC2F}.Debug|x64.ActiveCfg = Debug|x64
		{D0755AAA-E069-3185-AFCB-2B98A74BEC2F}.Debug|x64.Build.0 = Debug|x64
		{D0755AAA-E069-3185-AFCB-2B98A74BEC2F}.Release|x64.ActiveCfg = Release|x64
		{D0755AAA-E069-3185-AFCB-2B98A74BEC2F}.Release|x64.Build.0 = Release|x64
		{D0755AAA-E069-3185-AFCB-2B98A74BEC2F}.MinSizeRel|x64.ActiveCfg = MinSizeRel|x64
		{D0755AAA-E069-3185-AFCB-2B98A74BEC2F}.MinSizeRel|x64.Build.0 = MinSizeRel|x64
		{D0755AAA-E069-3185-AFCB-2B98A74BEC2F}.RelWithDebInfo|x64.ActiveCfg = RelWithDebInfo|x64
		{D0755AAA-E069-3185-AFCB-2B98A74BEC2F}.RelWithDebInfo|x64.Build.0 = RelWithDebInfo|x64
		{22C53C25-9AF3-36E6-BC7F-C0C1B23A9D09}.Debug|x64.ActiveCfg = Debug|x64
		{22C53C25-9AF3-36E6-BC7F-C0C1B23A9D09}.Debug|x64.Build.0 = Debug|x64
		{22C53C25-9AF3-36E6-BC7F-C0C1B23A9D09}.Release|x64.ActiveCfg = Release|x64
		{22C53C25-9AF3-36E6-BC7F-C0C1B23A9D09}.Release|x64.Build.0 = Release|x64
		{22C53C25-9AF3-36E6-BC7F-C0C1B23A9D09}.MinSizeRel|x64.ActiveCfg = MinSizeRel|x64
		{22C53C25-9AF3-36E6-BC7F-C0C1B23A9D09}.MinSizeRel|x64.Build.0 = MinSizeRel|x64
		{22C53C25-9AF3-36E6-BC7F-C0C1B23A9D09}.RelWithDebInfo|x64.ActiveCfg = RelWithDebInfo|x64
		{22C53C25-9AF3-36E6-BC7F-C0C1B23A9D09}.RelWithDebInfo|x64.Build.0 = RelWithDebInfo|x64
		{F12FAF5C-38CF-357E-A8CB-5FB665974D9E}.Debug|x64.ActiveCfg = Debug|x64
		{F12FAF5C-38CF-357E-A8CB-5FB665974D9E}.Debug|x64.Build.0 = Debug|x64
		{F12FAF5C-38CF-357E-A8CB-5FB665974D9E}.Release|x64.ActiveCfg = Release|x64
		{F12FAF5C-38CF-357E-A8CB-5FB665974D9E}.Release|x64.Build.0 = Release|x64
		{F12FAF5C-38CF-357E-A8CB-5FB665974D9E}.MinSizeRel|x64.ActiveCfg = MinSizeRel|x64
		{F12FAF5C-38CF-357E-A8CB-5FB665974D9E}.MinSizeRel|x64.Build.0 = MinSizeRel|x64
		{F12FAF5C-38CF-357E-A8CB-5FB665974D9E}.RelWithDebInfo|x64.ActiveCfg = RelWithDebInfo|x64
		{F12FAF5C-38CF-357E-A8CB-5FB665974D9E}.RelWithDebInfo|x64.Build.0 = RelWithDebInfo|x64
		{7188DFF8-D5A6-3EE6-A1C9-545A236F0652}.Debug|x64.ActiveCfg = Debug|x64
		{7188DFF8-D5A6-3EE6-A1C9-545A236F0652}.Debug|x64.Build.0 = Debug|x64
		{7188DFF8-D5A6-3EE6-A1C9-545A236F0652}.Release|x64.ActiveCfg = Release|x64
		{7188DFF8-D5A6-3EE6-A1C9-545A236F0652}.Release|x64.Build.0 = Release|x64
		{7188DFF8-D5A6-3EE6-A1C9-545A236F0652}.MinSizeRel|x64.ActiveCfg = MinSizeRel|x64
		{7188DFF8-D5A6-3EE6-A1C9-545A236F0652}.MinSizeRel|x64.Build.0 = MinSizeRel|x64
		{7188DFF8-D5A6-3EE6-A1C9-545A236F0652}.RelWithDebInfo|x64.ActiveCfg = RelWithDebInfo|x64
		{7188DFF8-D5A6-3EE6-A1C9-545A236F0652}.RelWithDebInfo|x64.Build.0 = RelWithDebInfo|x64
		{E4EA2B76-65E6-3489-A15B-6309B12B03E6}.Debug|x64.ActiveCfg = Debug|x64
		{E4EA2B76-65E6-3489-A15B-6309B12B03E6}.Debug|x64.Build.0 = Debug|x64
		{E4EA2B76-65E6-3489-A15B-6309B12B03E6}.Release|x64.ActiveCfg = Release|x64
		{E4EA2B76-65E6-3489-A15B-6309B12B03E6}.Release|x64.Build.0 = Release|x64
		{E4EA2B76-65E6-3489-A15B-6309B12B03E6}.MinSizeRel|x64.ActiveCfg = MinSizeRel|x64
		{E4EA2B76-65E6-3489-A15B-6309B12B03E6}.MinSizeRel|x64.Build.0 = MinSizeRel|x64
		{E4EA2B76-65E6-3489-A15B-6309B12B03E6}.RelWithDebInfo|x64.ActiveCfg = RelWithDebInfo|x64
		{E4EA2B76-65E6-3489-A15B-6309B12B03E6}.RelWithDebInfo|x64.Build.0 = RelWithDebInfo|x64
		{08FBD8B5-51CD-3C8C-820C-DDF9AA9ED369}.Debug|x64.ActiveCfg = Debug|x64
		{08FBD8B5-51CD-3C8C-820C-DDF9AA9ED369}.Debug|x64.Build.0 = Debug|x64
		{08FBD8B5-51CD-3C8C-820C-DDF9AA9ED369}.Release|x64.ActiveCfg = Release|x64
		{08FBD8B5-51CD-3C8C-820C-DDF9AA9ED369}.Release|x64.Build.0 = Release|x64
		{08FBD8B5-51CD-3C8C-820C-DDF9AA9ED369}.MinSizeRel|x64.ActiveCfg = MinSizeRel|x64
		{08FBD8B5-51CD-3C8C-820C-DDF9AA9ED369}.MinSizeRel|x64.Build.0 = MinSizeRel|x64
		{08FBD8B5-51CD-3C8C-820C-DDF9AA9ED369}.RelWithDebInfo|x64.ActiveCfg = RelWithDebInfo|x64
		{08FBD8B5-51CD-3C8C-820C-DDF9AA9ED369}.RelWithDebInfo|x64.Build.0 = RelWithDebInfo|x64
		{44590621-0E43-3BD4-B0EA-B2CAC5D45E30}.Debug|x64.ActiveCfg = Debug|x64
		{44590621-0E43-3BD4-B0EA-B2CAC5D45E30}.Release|x64.ActiveCfg = Release|x64
		{44590621-0E43-3BD4-B0EA-B2CAC5D45E30}.MinSizeRel|x64.ActiveCfg = MinSizeRel|x64
		{44590621-0E43-3BD4-B0EA-B2CAC5D45E30}.RelWithDebInfo|x64.ActiveCfg = RelWithDebInfo|x64
		{062DC411-6526-37A8-A0C1-FFA73203C1B0}.Debug|x64.ActiveCfg = Debug|x64
		{062DC411-6526-37A8-A0C1-FFA73203C1B0}.Debug|x64.Build.0 = Debug|x64
		{062DC411-6526-37A8-A0C1-FFA73203C1B0}.Release|x64.ActiveCfg = Release|x64
		{062DC411-6526-37A8-A0C1-FFA73203C1B0}.Release|x64.Build.0 = Release|x64
		{062DC411-6526-37A8-A0C1-FFA73203C1B0}.MinSizeRel|x64.ActiveCfg = MinSizeRel|x64
		{062DC411-6526-37A8-A0C1-FFA73203C1B0}.MinSizeRel|x64.Build.0 = MinSizeRel|x64
		{062DC411-6526-37A8-A0C1-FFA73203C1B0}.RelWithDebInfo|x64.ActiveCfg = RelWithDebInfo|x64
		{062DC411-6526-37A8-A0C1-FFA73203C1B0}.RelWithDebInfo|x64.Build.0 = RelWithDebInfo|x64
		{5868EC4A-BD5D-33A6-9851-04F2D2F9322B}.Debug|x64.ActiveCfg = Debug|x64
		{5868EC4A-BD5D-33A6-9851-04F2D2F9322B}.Debug|x64.Build.0 = Debug|x64
		{5868EC4A-BD5D-33A6-9851-04F2D2F9322B}.Release|x64.ActiveCfg = Release|x64
		{5868EC4A-BD5D-33A6-9851-04F2D2F9322B}.Release|x64.Build.0 = Release|x64
		{5868EC4A-BD5D-33A6-9851-04F2D2F9322B}.MinSizeRel|x64.ActiveCfg = MinSizeRel|x64
		{5868EC4A-BD5D-33A6-9851-04F2D2F9322B}.MinSizeRel|x64.Build.0 = MinSizeRel|x64
		{5868EC4A-BD5D-33A6-9851-04F2D2F9322B}.RelWithDebInfo|x64.ActiveCfg = RelWithDebInfo|x64
		{5868EC4A-BD5D-33A6-9851-04F2D2F9322B}.RelWithDebInfo|x64.Build.0 = RelWithDebInfo|x64
		{1B4893AA-A1F9-3AE8-90D7-4D7F24342EBC}.Debug|x64.ActiveCfg = Debug|x64
		{1B4893AA-A1F9-3AE8-90D7-4D7F24342EBC}.Debug|x64.Build.0 = Debug|x64
		{1B4893AA-A1F9-3AE8-90D7-4D7F24342EBC}.Release|x64.ActiveCfg = Release|x64
		{1B4893AA-A1F9-3AE8-90D7-4D7F24342EBC}.Release|x64.Build.0 = Release|x64
		{1B4893AA-A1F9-3AE8-90D7-4D7F24342EBC}.MinSizeRel|x64.ActiveCfg = MinSizeRel|x64
		{1B4893AA-A1F9-3AE8-90D7-4D7F24342EBC}.MinSizeRel|x64.Build.0 = MinSizeRel|x64
		{1B4893AA-A1F9-3AE8-90D7-4D7F24342EBC}.RelWithDebInfo|x64.ActiveCfg = RelWithDebInfo|x64
		{1B4893AA-A1F9-3AE8-90D7-4D7F24342EBC}.RelWithDebInfo|x64.Build.0 = RelWithDebInfo|x64
	EndGlobalSection
	GlobalSection(NestedProjects) = preSolution
		{9FF4E8B5-3211-3AEF-9F84-890EA5AF11A5} = {A303B06F-F0BD-3ACF-9851-1A4757EFD038}
		{B00CD0D2-4683-3D88-A938-5ED139E2A61F} = {A303B06F-F0BD-3ACF-9851-1A4757EFD038}
		{96D960BE-7796-3002-B71D-DDFA1F3BB9E0} = {A303B06F-F0BD-3ACF-9851-1A4757EFD038}
		{54FE0EC1-8D2E-38BF-B0CB-275BAD59E25E} = {ABE1D086-D273-365F-A333-B7E7EAB1C89F}
		{42EEC934-97DD-3424-8388-46EE396CA939} = {ABE1D086-D273-365F-A333-B7E7EAB1C89F}
		{21B3B931-94C7-3274-B34E-FC57655344CD} = {ABE1D086-D273-365F-A333-B7E7EAB1C89F}
		{DCD05ADA-19C2-3721-88DC-1E00A67541EA} = {54FE0EC1-8D2E-38BF-B0CB-275BAD59E25E}
		{CADD775A-BEE7-39AD-ADCA-452F8D20D05B} = {54FE0EC1-8D2E-38BF-B0CB-275BAD59E25E}
		{D8E4AABF-A3D1-3ED3-9183-3D6E292D4811} = {54FE0EC1-8D2E-38BF-B0CB-275BAD59E25E}
		{EDA1E3E1-6C9F-3726-8EA7-41B8E5CB528F} = {54FE0EC1-8D2E-38BF-B0CB-275BAD59E25E}
		{26511798-7296-37DA-929D-995D2D3A7670} = {54FE0EC1-8D2E-38BF-B0CB-275BAD59E25E}
		{6D0120F2-D61A-343E-8EE8-9E5566700E6E} = {54FE0EC1-8D2E-38BF-B0CB-275BAD59E25E}
		{062DC411-6526-37A8-A0C1-FFA73203C1B0} = {54FE0EC1-8D2E-38BF-B0CB-275BAD59E25E}
		{D9587EE2-E9F9-30A2-AD28-8BDF67845384} = {42EEC934-97DD-3424-8388-46EE396CA939}
		{F8AF7038-3557-33D4-87FD-A1B46AB0AD3C} = {42EEC934-97DD-3424-8388-46EE396CA939}
		{AF5DD617-6F88-320A-B1E9-473782B17530} = {42EEC934-97DD-3424-8388-46EE396CA939}
		{2BBB3308-FF0C-3983-99EC-42E1D0A8BB75} = {42EEC934-97DD-3424-8388-46EE396CA939}
		{981FEC4C-EC03-394B-9C32-EF284169A979} = {42EEC934-97DD-3424-8388-46EE396CA939}
		{244DE688-6271-31BC-81C0-3803317101DE} = {42EEC934-97DD-3424-8388-46EE396CA939}
		{766D682E-1C88-3548-83BA-98FB09339516} = {42EEC934-97DD-3424-8388-46EE396CA939}
		{7743FBEB-E059-334E-A7DD-4D5B57586D8D} = {42EEC934-97DD-3424-8388-46EE396CA939}
		{9FE0C716-2BB5-3FDD-B85B-6778751E9CFF} = {42EEC934-97DD-3424-8388-46EE396CA939}
		{C350219D-8FCD-3F59-BFE3-3B8B5E6AB4F0} = {42EEC934-97DD-3424-8388-46EE396CA939}
		{93E3A93F-1A58-3374-AA6F-1C3670B3C82B} = {42EEC934-97DD-3424-8388-46EE396CA939}
		{80F6BAD0-E8DE-39F3-8AB9-FAB0119C549C} = {42EEC934-97DD-3424-8388-46EE396CA939}
		{6FD94BFC-E410-392E-8920-6562185132FA} = {42EEC934-97DD-3424-8388-46EE396CA939}
		{4362012E-04DD-3F9F-82F6-74F06ADA5984} = {42EEC934-97DD-3424-8388-46EE396CA939}
		{3D5DD435-28C8-3D19-A21A-CA44FE0B2DEF} = {42EEC934-97DD-3424-8388-46EE396CA939}
		{5868EC4A-BD5D-33A6-9851-04F2D2F9322B} = {42EEC934-97DD-3424-8388-46EE396CA939}
	EndGlobalSection
	GlobalSection(ExtensibilityGlobals) = postSolution
		SolutionGuid = {E9D125DF-1CBC-3AB5-8B69-A0B5F70BEC85}
	EndGlobalSection
	GlobalSection(ExtensibilityAddIns) = postSolution
	EndGlobalSection
EndGlobal
